// !$*UTF8*$!
{
	archiveVersion = 1;
	classes = {
	};
	objectVersion = 77;
	objects = {

/* Begin PBXBuildFile section */
		0F464A91A21544F25AA385F8 /* SeasonCollectionViewCell.swift in Sources */ = {isa = PBXBuildFile; fileRef = 6513487CB269DBA97D4E0E77 /* SeasonCollectionViewCell.swift */; };
		118A585E0204B9A48FEEEEC4 /* ExpandableItemCell.swift in Sources */ = {isa = PBXBuildFile; fileRef = 30AFC5FD588B8F48018DC300 /* ExpandableItemCell.swift */; };
		182422204D398689BC2A8414 /* AccessibleExpandableItemCell.swift in Sources */ = {isa = PBXBuildFile; fileRef = 0F0425E6F5A19DCA8307FFA1 /* AccessibleExpandableItemCell.swift */; };
		1F3358C580A44B6CFA25F4D8 /* Foundation.framework in Frameworks */ = {isa = PBXBuildFile; fileRef = B603C7B486A6D4AB7F1367AD /* Foundation.framework */; };
		33333333333333333333CCC1 /* CustomScrollDemoViewController.swift in Sources */ = {isa = PBXBuildFile; fileRef = 44444444444444444444DDD1 /* CustomScrollDemoViewController.swift */; };
		3B2E02559178144D0A71416B /* CategoryHeaderView.swift in Sources */ = {isa = PBXBuildFile; fileRef = 7AFF2165D712F513AAE3EFF2 /* CategoryHeaderView.swift */; };
		3BC5860A0B2B9369EFBE8027 /* AccessibleExpandableHeaderCell.swift in Sources */ = {isa = PBXBuildFile; fileRef = 2D9F7535D583AA40E39ECE61 /* AccessibleExpandableHeaderCell.swift */; };
		4295732BD476074C0E7F0985 /* AccessibleCollectionViewContainerCell.swift in Sources */ = {isa = PBXBuildFile; fileRef = D9A51EE8E6CD73574FE0E236 /* AccessibleCollectionViewContainerCell.swift */; };
		43F65148887052B4423182BA /* CollectionViewContainerCell.swift in Sources */ = {isa = PBXBuildFile; fileRef = B78994EBD19F131D6F5F2239 /* CollectionViewContainerCell.swift */; };
		55555555555555555555EEE1 /* FoodItem.swift in Sources */ = {isa = PBXBuildFile; fileRef = 66666666666666666666FFF1 /* FoodItem.swift */; };
		565D7ABC6F7BBB566197F67A /* ExpandableTabView.swift in Sources */ = {isa = PBXBuildFile; fileRef = DF0BAE44ADFC0BB0EBC28336 /* ExpandableTabView.swift */; };
		5FBE202D32EEB8284C7290AB /* ExpandableHeaderCell.swift in Sources */ = {isa = PBXBuildFile; fileRef = AA0E45C0ED54DAF6D7E3717B /* ExpandableHeaderCell.swift */; };
		62CA68588F5F95E47275A3AA /* VoiceOverDemoUITests_CoordinateBased.swift in Sources */ = {isa = PBXBuildFile; fileRef = 9CB44B109C9F249C847D8303 /* VoiceOverDemoUITests_CoordinateBased.swift */; };
		66099B44A818983E0B5AD541 /* VoiceOverDemoApp.swift in Sources */ = {isa = PBXBuildFile; fileRef = A1D8A0359D4F8B88366CDBF0 /* VoiceOverDemoApp.swift */; };
		6C484ACC94771BB8DF1FA0B3 /* CategoryTableViewCell.swift in Sources */ = {isa = PBXBuildFile; fileRef = 73AE4D9F813E2E367CFBA238 /* CategoryTableViewCell.swift */; };
		77777777777777777777GGG1 /* TitleTableViewCell.swift in Sources */ = {isa = PBXBuildFile; fileRef = 88888888888888888888HHH1 /* TitleTableViewCell.swift */; };
		85EF63166807D525EDF626FD /* VoiceOverDemoUITests_FruitSpringFlow.swift in Sources */ = {isa = PBXBuildFile; fileRef = 224C74F99B60E6F8A93F5CE3 /* VoiceOverDemoUITests_FruitSpringFlow.swift */; };
		8D154EF733D9AFD53F256C51 /* VoiceOverDemoUITests_Debug.swift in Sources */ = {isa = PBXBuildFile; fileRef = 65780547A3E4125B1E94DC17 /* VoiceOverDemoUITests_Debug.swift */; };
		8EE24275956BCCA8BAB08EFD /* CategoryTableViewCell.swift in Sources */ = {isa = PBXBuildFile; fileRef = 73AE4D9F813E2E367CFBA238 /* CategoryTableViewCell.swift */; };
		8FD0B77214B5EBA634FB0626 /* AccessibleExpandableViewController.swift in Sources */ = {isa = PBXBuildFile; fileRef = 6DFCDD2DCD5C67D0715657D6 /* AccessibleExpandableViewController.swift */; };
		900E3044059BDF4AAC3C5AE0 /* NonAccessibleExpandableDemoView.swift in Sources */ = {isa = PBXBuildFile; fileRef = E5B89E9AA88E2228FD0F937F /* NonAccessibleExpandableDemoView.swift */; };
		99999999999999999999III1 /* FoodCollectionViewCell.swift in Sources */ = {isa = PBXBuildFile; fileRef = AAAAAAAAAAAAAAAAAAAAAJJJ1 /* FoodCollectionViewCell.swift */; };
		ACATCELL1111111111111111 /* AccessibleCategoryTableViewCell.swift in Sources */ = {isa = PBXBuildFile; fileRef = ACATCELL2222222222222222 /* AccessibleCategoryTableViewCell.swift */; };
		ACC111111111111111111111 /* AccessibleDemoView.swift in Sources */ = {isa = PBXBuildFile; fileRef = ACC222222222222222222222 /* AccessibleDemoView.swift */; };
		ACSEASONCELL111111111111 /* AccessibleSeasonCollectionViewCell.swift in Sources */ = {isa = PBXBuildFile; fileRef = ACSEASONCELL222222222222 /* AccessibleSeasonCollectionViewCell.swift */; };
		ARBDEMO1111111111111111 /* AccessibleRadioButtonDemoView.swift in Sources */ = {isa = PBXBuildFile; fileRef = ARBDEMO2222222222222222 /* AccessibleRadioButtonDemoView.swift */; };
		B0FF40DF8AF2AF960FA83832 /* SeasonCollectionViewCell.swift in Sources */ = {isa = PBXBuildFile; fileRef = 6513487CB269DBA97D4E0E77 /* SeasonCollectionViewCell.swift */; };
		BBBBBBBBBBBBBBBBBBBBKKKK1 /* HorizontalScrollTableViewCell.swift in Sources */ = {isa = PBXBuildFile; fileRef = CCCCCCCCCCCCCCCCCCCCCLLL1 /* HorizontalScrollTableViewCell.swift */; };
		C63765E1A7522B45339152AA /* AccessibleCategoryHeaderView.swift in Sources */ = {isa = PBXBuildFile; fileRef = FB204650C2DABAACA92208DF /* AccessibleCategoryHeaderView.swift */; };
		CFFB2F121FD52D850B4F98B4 /* NonAccessibleExpandableViewController.swift in Sources */ = {isa = PBXBuildFile; fileRef = FECCABE8EC3A07B117216459 /* NonAccessibleExpandableViewController.swift */; };
		D4493931103438B760B660D7 /* VoiceOverDemoUITests_Complete.swift in Sources */ = {isa = PBXBuildFile; fileRef = 4729D822B60FA6F1261AE20A /* VoiceOverDemoUITests_Complete.swift */; };
		D81DF842A986F69FE5E3A69A /* ContentView.swift in Sources */ = {isa = PBXBuildFile; fileRef = 234CDF4507AC9B3BCFE98BFB /* ContentView.swift */; };
		DDDDDDDDDDDDDDDDDDDDMMM1 /* ToastView.swift in Sources */ = {isa = PBXBuildFile; fileRef = EEEEEEEEEEEEEEEEEEEENNN1 /* ToastView.swift */; };
		DEMOTAB1111111111111111 /* DemoTabView.swift in Sources */ = {isa = PBXBuildFile; fileRef = DEMOTAB2222222222222222 /* DemoTabView.swift */; };
		E4ADC035674DEAC283B4736F /* VoiceOverDemoUITests.swift in Sources */ = {isa = PBXBuildFile; fileRef = E4F7BE70D938E42BCDA20272 /* VoiceOverDemoUITests.swift */; };
		ED82E82C3D7089ECF27AE624 /* AccessibleExpandableDemoView.swift in Sources */ = {isa = PBXBuildFile; fileRef = 4E2D389C7168C960646E65B1 /* AccessibleExpandableDemoView.swift */; };
		F12592D0B0AB5EC40888C995 /* Assets.xcassets in Resources */ = {isa = PBXBuildFile; fileRef = CA3A803710E5E5B0160B6748 /* Assets.xcassets */; };
		FE40C1627936C51CC5EE4106 /* ExpandableDataModel.swift in Sources */ = {isa = PBXBuildFile; fileRef = A77FDDB1030BEC91A719E57D /* ExpandableDataModel.swift */; };
		INF1111111111111111111111 /* InfoPlist.strings in Resources */ = {isa = PBXBuildFile; fileRef = INF2222222222222222222222 /* InfoPlist.strings */; };
		LOC1111111111111111111111 /* Localizable.strings in Resources */ = {isa = PBXBuildFile; fileRef = LOC2222222222222222222222 /* Localizable.strings */; };
		NAC111111111111111111111 /* NonAccessibleDemoView.swift in Sources */ = {isa = PBXBuildFile; fileRef = NAC222222222222222222222 /* NonAccessibleDemoView.swift */; };
		NAC333333333333333333333 /* NonAccessibleFoodCell.swift in Sources */ = {isa = PBXBuildFile; fileRef = NAC444444444444444444444 /* NonAccessibleFoodCell.swift */; };
		NAC555555555555555555555 /* NonAccessibleHorizontalCell.swift in Sources */ = {isa = PBXBuildFile; fileRef = NAC666666666666666666666 /* NonAccessibleHorizontalCell.swift */; };
		NAC777777777777777777777 /* NonAccessibleTitleCell.swift in Sources */ = {isa = PBXBuildFile; fileRef = NAC888888888888888888888 /* NonAccessibleTitleCell.swift */; };
		NAC999999999999999999999 /* NonAccessibleViewController.swift in Sources */ = {isa = PBXBuildFile; fileRef = NACAAAAAAAAAAAAAAAAAAAAAA /* NonAccessibleViewController.swift */; };
		NARBDEMO111111111111111 /* NonAccessibleRadioButtonDemoView.swift in Sources */ = {isa = PBXBuildFile; fileRef = NARBDEMO222222222222222 /* NonAccessibleRadioButtonDemoView.swift */; };
		NRBDEMO1111111111111111 /* NonAccessibleRadioButtonViewController.swift in Sources */ = {isa = PBXBuildFile; fileRef = NRBDEMO2222222222222222 /* NonAccessibleRadioButtonViewController.swift */; };
		RBDEMO111111111111111111 /* RadioButtonDemoViewController.swift in Sources */ = {isa = PBXBuildFile; fileRef = RBDEMO222222222222222222 /* RadioButtonDemoViewController.swift */; };
		RBTAB11111111111111111 /* RadioButtonTabView.swift in Sources */ = {isa = PBXBuildFile; fileRef = RBTAB22222222222222222 /* RadioButtonTabView.swift */; };
/* End PBXBuildFile section */

/* Begin PBXContainerItemProxy section */
		8825649C42C1EEE0884ADF6D /* PBXContainerItemProxy */ = {
			isa = PBXContainerItemProxy;
			containerPortal = 59C242063125F360AF84B2FB /* Project object */;
			proxyType = 1;
			remoteGlobalIDString = 06745594AC0636354E01F25C;
			remoteInfo = VoiceOverDemo;
		};
/* End PBXContainerItemProxy section */

/* Begin PBXFileReference section */
		0EE93FBB88A92062F1387290 /* VoiceOverDemoUITests.xctest */ = {isa = PBXFileReference; explicitFileType = wrapper.cfbundle; includeInIndex = 0; path = VoiceOverDemoUITests.xctest; sourceTree = BUILT_PRODUCTS_DIR; };
		0F0425E6F5A19DCA8307FFA1 /* AccessibleExpandableItemCell.swift */ = {isa = PBXFileReference; lastKnownFileType = sourcecode.swift; path = VoiceOverDemo/Accessible/AccessibleExpandableItemCell.swift; sourceTree = SOURCE_ROOT; };
		224C74F99B60E6F8A93F5CE3 /* VoiceOverDemoUITests_FruitSpringFlow.swift */ = {isa = PBXFileReference; includeInIndex = 1; lastKnownFileType = sourcecode.swift; name = VoiceOverDemoUITests_FruitSpringFlow.swift; path = VoiceOverDemoUITests/VoiceOverDemoUITests_FruitSpringFlow.swift; sourceTree = "<group>"; };
		234CDF4507AC9B3BCFE98BFB /* ContentView.swift */ = {isa = PBXFileReference; lastKnownFileType = sourcecode.swift; path = ContentView.swift; sourceTree = "<group>"; };
		2D9F7535D583AA40E39ECE61 /* AccessibleExpandableHeaderCell.swift */ = {isa = PBXFileReference; lastKnownFileType = sourcecode.swift; path = VoiceOverDemo/Accessible/AccessibleExpandableHeaderCell.swift; sourceTree = SOURCE_ROOT; };
		30AFC5FD588B8F48018DC300 /* ExpandableItemCell.swift */ = {isa = PBXFileReference; lastKnownFileType = sourcecode.swift; path = VoiceOverDemo/NonAccessible/ExpandableItemCell.swift; sourceTree = SOURCE_ROOT; };
		341790690DCB47AA4DDDABC4 /* Info.plist */ = {isa = PBXFileReference; lastKnownFileType = text.plist; path = Info.plist; sourceTree = "<group>"; };
		44444444444444444444DDD1 /* CustomScrollDemoViewController.swift */ = {isa = PBXFileReference; lastKnownFileType = sourcecode.swift; path = CustomScrollDemoViewController.swift; sourceTree = "<group>"; };
		4729D822B60FA6F1261AE20A /* VoiceOverDemoUITests_Complete.swift */ = {isa = PBXFileReference; includeInIndex = 1; lastKnownFileType = sourcecode.swift; name = VoiceOverDemoUITests_Complete.swift; path = VoiceOverDemoUITests/VoiceOverDemoUITests_Complete.swift; sourceTree = "<group>"; };
		4E2D389C7168C960646E65B1 /* AccessibleExpandableDemoView.swift */ = {isa = PBXFileReference; lastKnownFileType = sourcecode.swift; path = VoiceOverDemo/Accessible/AccessibleExpandableDemoView.swift; sourceTree = SOURCE_ROOT; };
		6513487CB269DBA97D4E0E77 /* SeasonCollectionViewCell.swift */ = {isa = PBXFileReference; lastKnownFileType = sourcecode.swift; name = SeasonCollectionViewCell.swift; path = VoiceOverDemo/NonAccessible/SeasonCollectionViewCell.swift; sourceTree = SOURCE_ROOT; };
		65780547A3E4125B1E94DC17 /* VoiceOverDemoUITests_Debug.swift */ = {isa = PBXFileReference; includeInIndex = 1; lastKnownFileType = sourcecode.swift; name = VoiceOverDemoUITests_Debug.swift; path = VoiceOverDemoUITests/VoiceOverDemoUITests_Debug.swift; sourceTree = "<group>"; };
		66666666666666666666FFF1 /* FoodItem.swift */ = {isa = PBXFileReference; lastKnownFileType = sourcecode.swift; path = FoodItem.swift; sourceTree = "<group>"; };
		6DFCDD2DCD5C67D0715657D6 /* AccessibleExpandableViewController.swift */ = {isa = PBXFileReference; lastKnownFileType = sourcecode.swift; path = VoiceOverDemo/Accessible/AccessibleExpandableViewController.swift; sourceTree = SOURCE_ROOT; };
		73AE4D9F813E2E367CFBA238 /* CategoryTableViewCell.swift */ = {isa = PBXFileReference; lastKnownFileType = sourcecode.swift; name = CategoryTableViewCell.swift; path = VoiceOverDemo/NonAccessible/CategoryTableViewCell.swift; sourceTree = SOURCE_ROOT; };
		7AFF2165D712F513AAE3EFF2 /* CategoryHeaderView.swift */ = {isa = PBXFileReference; includeInIndex = 1; lastKnownFileType = sourcecode.swift; path = CategoryHeaderView.swift; sourceTree = "<group>"; };
		7EAC75328BB49DFDEC917117 /* VoiceOverDemo.app */ = {isa = PBXFileReference; includeInIndex = 0; lastKnownFileType = wrapper.application; path = VoiceOverDemo.app; sourceTree = BUILT_PRODUCTS_DIR; };
		88888888888888888888HHH1 /* TitleTableViewCell.swift */ = {isa = PBXFileReference; lastKnownFileType = sourcecode.swift; path = TitleTableViewCell.swift; sourceTree = "<group>"; };
		9CB44B109C9F249C847D8303 /* VoiceOverDemoUITests_CoordinateBased.swift */ = {isa = PBXFileReference; includeInIndex = 1; lastKnownFileType = sourcecode.swift; name = VoiceOverDemoUITests_CoordinateBased.swift; path = VoiceOverDemoUITests/VoiceOverDemoUITests_CoordinateBased.swift; sourceTree = "<group>"; };
		A1D8A0359D4F8B88366CDBF0 /* VoiceOverDemoApp.swift */ = {isa = PBXFileReference; lastKnownFileType = sourcecode.swift; path = VoiceOverDemoApp.swift; sourceTree = "<group>"; };
		A77FDDB1030BEC91A719E57D /* ExpandableDataModel.swift */ = {isa = PBXFileReference; lastKnownFileType = sourcecode.swift; path = VoiceOverDemo/ExpandableDataModel.swift; sourceTree = SOURCE_ROOT; };
		AA0E45C0ED54DAF6D7E3717B /* ExpandableHeaderCell.swift */ = {isa = PBXFileReference; lastKnownFileType = sourcecode.swift; path = VoiceOverDemo/NonAccessible/ExpandableHeaderCell.swift; sourceTree = SOURCE_ROOT; };
		AAAAAAAAAAAAAAAAAAAAAJJJ1 /* FoodCollectionViewCell.swift */ = {isa = PBXFileReference; lastKnownFileType = sourcecode.swift; path = FoodCollectionViewCell.swift; sourceTree = "<group>"; };
		ACATCELL2222222222222222 /* AccessibleCategoryTableViewCell.swift */ = {isa = PBXFileReference; lastKnownFileType = sourcecode.swift; path = VoiceOverDemo/Accessible/AccessibleCategoryTableViewCell.swift; sourceTree = SOURCE_ROOT; };
		ACC222222222222222222222 /* AccessibleDemoView.swift */ = {isa = PBXFileReference; lastKnownFileType = sourcecode.swift; path = AccessibleDemoView.swift; sourceTree = "<group>"; };
		ACSEASONCELL222222222222 /* AccessibleSeasonCollectionViewCell.swift */ = {isa = PBXFileReference; lastKnownFileType = sourcecode.swift; path = VoiceOverDemo/Accessible/AccessibleSeasonCollectionViewCell.swift; sourceTree = SOURCE_ROOT; };
		ARBDEMO2222222222222222 /* AccessibleRadioButtonDemoView.swift */ = {isa = PBXFileReference; lastKnownFileType = sourcecode.swift; path = AccessibleRadioButtonDemoView.swift; sourceTree = "<group>"; };
		B603C7B486A6D4AB7F1367AD /* Foundation.framework */ = {isa = PBXFileReference; lastKnownFileType = wrapper.framework; name = Foundation.framework; path = Platforms/iPhoneOS.platform/Developer/SDKs/iPhoneOS18.0.sdk/System/Library/Frameworks/Foundation.framework; sourceTree = DEVELOPER_DIR; };
		B78994EBD19F131D6F5F2239 /* CollectionViewContainerCell.swift */ = {isa = PBXFileReference; includeInIndex = 1; lastKnownFileType = sourcecode.swift; path = CollectionViewContainerCell.swift; sourceTree = "<group>"; };
		CA3A803710E5E5B0160B6748 /* Assets.xcassets */ = {isa = PBXFileReference; lastKnownFileType = folder.assetcatalog; path = Assets.xcassets; sourceTree = "<group>"; };
		CCCCCCCCCCCCCCCCCCCCCLLL1 /* HorizontalScrollTableViewCell.swift */ = {isa = PBXFileReference; lastKnownFileType = sourcecode.swift; path = HorizontalScrollTableViewCell.swift; sourceTree = "<group>"; };
		D9A51EE8E6CD73574FE0E236 /* AccessibleCollectionViewContainerCell.swift */ = {isa = PBXFileReference; includeInIndex = 1; lastKnownFileType = sourcecode.swift; path = AccessibleCollectionViewContainerCell.swift; sourceTree = "<group>"; };
		DEMOTAB2222222222222222 /* DemoTabView.swift */ = {isa = PBXFileReference; lastKnownFileType = sourcecode.swift; path = DemoTabView.swift; sourceTree = "<group>"; };
		DF0BAE44ADFC0BB0EBC28336 /* ExpandableTabView.swift */ = {isa = PBXFileReference; lastKnownFileType = sourcecode.swift; path = VoiceOverDemo/ExpandableTabView.swift; sourceTree = SOURCE_ROOT; };
		E4F7BE70D938E42BCDA20272 /* VoiceOverDemoUITests.swift */ = {isa = PBXFileReference; includeInIndex = 1; lastKnownFileType = sourcecode.swift; name = VoiceOverDemoUITests.swift; path = VoiceOverDemoUITests/VoiceOverDemoUITests.swift; sourceTree = "<group>"; };
		E5B89E9AA88E2228FD0F937F /* NonAccessibleExpandableDemoView.swift */ = {isa = PBXFileReference; lastKnownFileType = sourcecode.swift; path = VoiceOverDemo/NonAccessible/NonAccessibleExpandableDemoView.swift; sourceTree = SOURCE_ROOT; };
		EEEEEEEEEEEEEEEEEEEENNN1 /* ToastView.swift */ = {isa = PBXFileReference; lastKnownFileType = sourcecode.swift; path = ToastView.swift; sourceTree = "<group>"; };
		FB204650C2DABAACA92208DF /* AccessibleCategoryHeaderView.swift */ = {isa = PBXFileReference; includeInIndex = 1; lastKnownFileType = sourcecode.swift; path = AccessibleCategoryHeaderView.swift; sourceTree = "<group>"; };
		FECCABE8EC3A07B117216459 /* NonAccessibleExpandableViewController.swift */ = {isa = PBXFileReference; lastKnownFileType = sourcecode.swift; path = VoiceOverDemo/NonAccessible/NonAccessibleExpandableViewController.swift; sourceTree = SOURCE_ROOT; };
		INF3333333333333333333333 /* ko */ = {isa = PBXFileReference; lastKnownFileType = text.plist.strings; name = ko; path = ko.lproj/InfoPlist.strings; sourceTree = "<group>"; };
		INF4444444444444444444444 /* en */ = {isa = PBXFileReference; lastKnownFileType = text.plist.strings; name = en; path = en.lproj/InfoPlist.strings; sourceTree = "<group>"; };
		LOC3333333333333333333333 /* ko */ = {isa = PBXFileReference; lastKnownFileType = text.plist.strings; name = ko; path = ko.lproj/Localizable.strings; sourceTree = "<group>"; };
		LOC4444444444444444444444 /* en */ = {isa = PBXFileReference; lastKnownFileType = text.plist.strings; name = en; path = en.lproj/Localizable.strings; sourceTree = "<group>"; };
		NAC222222222222222222222 /* NonAccessibleDemoView.swift */ = {isa = PBXFileReference; lastKnownFileType = sourcecode.swift; path = NonAccessibleDemoView.swift; sourceTree = "<group>"; };
		NAC444444444444444444444 /* NonAccessibleFoodCell.swift */ = {isa = PBXFileReference; lastKnownFileType = sourcecode.swift; path = NonAccessibleFoodCell.swift; sourceTree = "<group>"; };
		NAC666666666666666666666 /* NonAccessibleHorizontalCell.swift */ = {isa = PBXFileReference; lastKnownFileType = sourcecode.swift; path = NonAccessibleHorizontalCell.swift; sourceTree = "<group>"; };
		NAC888888888888888888888 /* NonAccessibleTitleCell.swift */ = {isa = PBXFileReference; lastKnownFileType = sourcecode.swift; path = NonAccessibleTitleCell.swift; sourceTree = "<group>"; };
		NACAAAAAAAAAAAAAAAAAAAAAA /* NonAccessibleViewController.swift */ = {isa = PBXFileReference; lastKnownFileType = sourcecode.swift; path = NonAccessibleViewController.swift; sourceTree = "<group>"; };
		NARBDEMO222222222222222 /* NonAccessibleRadioButtonDemoView.swift */ = {isa = PBXFileReference; lastKnownFileType = sourcecode.swift; path = NonAccessibleRadioButtonDemoView.swift; sourceTree = "<group>"; };
		NRBDEMO2222222222222222 /* NonAccessibleRadioButtonViewController.swift */ = {isa = PBXFileReference; lastKnownFileType = sourcecode.swift; path = NonAccessibleRadioButtonViewController.swift; sourceTree = "<group>"; };
		RBDEMO222222222222222222 /* RadioButtonDemoViewController.swift */ = {isa = PBXFileReference; lastKnownFileType = sourcecode.swift; path = RadioButtonDemoViewController.swift; sourceTree = "<group>"; };
		RBTAB22222222222222222 /* RadioButtonTabView.swift */ = {isa = PBXFileReference; lastKnownFileType = sourcecode.swift; path = RadioButtonTabView.swift; sourceTree = "<group>"; };
/* End PBXFileReference section */

/* Begin PBXFrameworksBuildPhase section */
		E669C72B3B20105D27FAC7B5 /* Frameworks */ = {
			isa = PBXFrameworksBuildPhase;
			buildActionMask = 2147483647;
			files = (
				1F3358C580A44B6CFA25F4D8 /* Foundation.framework in Frameworks */,
			);
			runOnlyForDeploymentPostprocessing = 0;
		};
/* End PBXFrameworksBuildPhase section */

/* Begin PBXGroup section */
		633BDF92D293424E103B2E4F /* Products */ = {
			isa = PBXGroup;
			children = (
				7EAC75328BB49DFDEC917117 /* VoiceOverDemo.app */,
				0EE93FBB88A92062F1387290 /* VoiceOverDemoUITests.xctest */,
			);
			name = Products;
			sourceTree = "<group>";
		};
		65BD57F04D49D5FABEBC2708 /* VoiceOverDemoUITests */ = {
			isa = PBXGroup;
			children = (
				E4F7BE70D938E42BCDA20272 /* VoiceOverDemoUITests.swift */,
				4729D822B60FA6F1261AE20A /* VoiceOverDemoUITests_Complete.swift */,
				9CB44B109C9F249C847D8303 /* VoiceOverDemoUITests_CoordinateBased.swift */,
				224C74F99B60E6F8A93F5CE3 /* VoiceOverDemoUITests_FruitSpringFlow.swift */,
				65780547A3E4125B1E94DC17 /* VoiceOverDemoUITests_Debug.swift */,
			);
			name = VoiceOverDemoUITests;
			sourceTree = SOURCE_ROOT;
		};
		9D3D8DE7CE401017227ABD05 /* iOS */ = {
			isa = PBXGroup;
			children = (
				B603C7B486A6D4AB7F1367AD /* Foundation.framework */,
			);
			name = iOS;
			sourceTree = "<group>";
		};
		A28FEFB9BB394727B0AE916A /* VoiceOverDemo */ = {
			isa = PBXGroup;
			children = (
				ACCGRP111111111111111111 /* Accessible */,
				NACGRP111111111111111111 /* NonAccessible */,
				RESGRP111111111111111111 /* Resources */,
				CA3A803710E5E5B0160B6748 /* Assets.xcassets */,
				234CDF4507AC9B3BCFE98BFB /* ContentView.swift */,
				DEMOTAB2222222222222222 /* DemoTabView.swift */,
				RBTAB22222222222222222 /* RadioButtonTabView.swift */,
				66666666666666666666FFF1 /* FoodItem.swift */,
				EEEEEEEEEEEEEEEEEEEENNN1 /* ToastView.swift */,
				341790690DCB47AA4DDDABC4 /* Info.plist */,
				A1D8A0359D4F8B88366CDBF0 /* VoiceOverDemoApp.swift */,
				A77FDDB1030BEC91A719E57D /* ExpandableDataModel.swift */,
				DF0BAE44ADFC0BB0EBC28336 /* ExpandableTabView.swift */,
			);
			path = VoiceOverDemo;
			sourceTree = "<group>";
		};
		ACCGRP111111111111111111 /* Accessible */ = {
			isa = PBXGroup;
			children = (
				ACC222222222222222222222 /* AccessibleDemoView.swift */,
				ARBDEMO2222222222222222 /* AccessibleRadioButtonDemoView.swift */,
				44444444444444444444DDD1 /* CustomScrollDemoViewController.swift */,
				RBDEMO222222222222222222 /* RadioButtonDemoViewController.swift */,
				AAAAAAAAAAAAAAAAAAAAAJJJ1 /* FoodCollectionViewCell.swift */,
				CCCCCCCCCCCCCCCCCCCCCLLL1 /* HorizontalScrollTableViewCell.swift */,
				88888888888888888888HHH1 /* TitleTableViewCell.swift */,
				4E2D389C7168C960646E65B1 /* AccessibleExpandableDemoView.swift */,
				6DFCDD2DCD5C67D0715657D6 /* AccessibleExpandableViewController.swift */,
				2D9F7535D583AA40E39ECE61 /* AccessibleExpandableHeaderCell.swift */,
				0F0425E6F5A19DCA8307FFA1 /* AccessibleExpandableItemCell.swift */,
				ACATCELL2222222222222222 /* AccessibleCategoryTableViewCell.swift */,
				ACSEASONCELL222222222222 /* AccessibleSeasonCollectionViewCell.swift */,
				FB204650C2DABAACA92208DF /* AccessibleCategoryHeaderView.swift */,
				D9A51EE8E6CD73574FE0E236 /* AccessibleCollectionViewContainerCell.swift */,
			);
			path = Accessible;
			sourceTree = "<group>";
		};
		D4B5F3FEFE44470C8D06AC01 /* Frameworks */ = {
			isa = PBXGroup;
			children = (
				9D3D8DE7CE401017227ABD05 /* iOS */,
			);
			name = Frameworks;
			sourceTree = "<group>";
		};
		E5E1292E40B52AC040EB2517 = {
			isa = PBXGroup;
			children = (
				A28FEFB9BB394727B0AE916A /* VoiceOverDemo */,
				633BDF92D293424E103B2E4F /* Products */,
				D4B5F3FEFE44470C8D06AC01 /* Frameworks */,
				65BD57F04D49D5FABEBC2708 /* VoiceOverDemoUITests */,
				6513487CB269DBA97D4E0E77 /* SeasonCollectionViewCell.swift */,
				73AE4D9F813E2E367CFBA238 /* CategoryTableViewCell.swift */,
			);
			sourceTree = "<group>";
		};
		NACGRP111111111111111111 /* NonAccessible */ = {
			isa = PBXGroup;
			children = (
				NAC222222222222222222222 /* NonAccessibleDemoView.swift */,
				NARBDEMO222222222222222 /* NonAccessibleRadioButtonDemoView.swift */,
				NAC444444444444444444444 /* NonAccessibleFoodCell.swift */,
				NAC666666666666666666666 /* NonAccessibleHorizontalCell.swift */,
				NAC888888888888888888888 /* NonAccessibleTitleCell.swift */,
				NACAAAAAAAAAAAAAAAAAAAAAA /* NonAccessibleViewController.swift */,
				NRBDEMO2222222222222222 /* NonAccessibleRadioButtonViewController.swift */,
				AA0E45C0ED54DAF6D7E3717B /* ExpandableHeaderCell.swift */,
				30AFC5FD588B8F48018DC300 /* ExpandableItemCell.swift */,
				FECCABE8EC3A07B117216459 /* NonAccessibleExpandableViewController.swift */,
				E5B89E9AA88E2228FD0F937F /* NonAccessibleExpandableDemoView.swift */,
				7AFF2165D712F513AAE3EFF2 /* CategoryHeaderView.swift */,
				B78994EBD19F131D6F5F2239 /* CollectionViewContainerCell.swift */,
			);
			path = NonAccessible;
			sourceTree = "<group>";
		};
		RESGRP111111111111111111 /* Resources */ = {
			isa = PBXGroup;
			children = (
				LOC2222222222222222222222 /* Localizable.strings */,
				INF2222222222222222222222 /* InfoPlist.strings */,
			);
			path = Resources;
			sourceTree = "<group>";
		};
/* End PBXGroup section */

/* Begin PBXNativeTarget section */
		06745594AC0636354E01F25C /* VoiceOverDemo */ = {
			isa = PBXNativeTarget;
			buildConfigurationList = 529EDE3FA3644F5B0FFAC3B3 /* Build configuration list for PBXNativeTarget "VoiceOverDemo" */;
			buildPhases = (
				333DA9B452A1D2980D5C8FEA /* Sources */,
				C0E360F27AFE4F5BE4DCE9DA /* Resources */,
			);
			buildRules = (
			);
			dependencies = (
			);
			name = VoiceOverDemo;
			productName = VoiceOverDemo;
			productReference = 7EAC75328BB49DFDEC917117 /* VoiceOverDemo.app */;
			productType = "com.apple.product-type.application";
		};
		22959A3AF0ADEDEF2AF5FFA9 /* VoiceOverDemoUITests */ = {
			isa = PBXNativeTarget;
			buildConfigurationList = E4D9DBF4335BE2E6E30EFF02 /* Build configuration list for PBXNativeTarget "VoiceOverDemoUITests" */;
			buildPhases = (
				B403AA00438B2FA3A9A01D9C /* Sources */,
				E669C72B3B20105D27FAC7B5 /* Frameworks */,
				F69323BEDC3FD2CF5BDB75EC /* Resources */,
			);
			buildRules = (
			);
			dependencies = (
				A5874F3422A87AF2817CF079 /* PBXTargetDependency */,
			);
			name = VoiceOverDemoUITests;
			productName = VoiceOverDemoUITests;
			productReference = 0EE93FBB88A92062F1387290 /* VoiceOverDemoUITests.xctest */;
			productType = "com.apple.product-type.bundle.ui-testing";
		};
/* End PBXNativeTarget section */

/* Begin PBXProject section */
		59C242063125F360AF84B2FB /* Project object */ = {
			isa = PBXProject;
			attributes = {
				BuildIndependentTargetsInParallel = YES;
				LastUpgradeCheck = 1430;
				TargetAttributes = {
					06745594AC0636354E01F25C = {
						DevelopmentTeam = CT8CT953JS;
					};
				};
			};
			buildConfigurationList = 20B6A9B8E0C10163483CF9A1 /* Build configuration list for PBXProject "VoiceOverDemo" */;
			compatibilityVersion = "Xcode 14.0";
			developmentRegion = ko;
			hasScannedForEncodings = 0;
			knownRegions = (
				Base,
				ko,
				en,
			);
			mainGroup = E5E1292E40B52AC040EB2517;
			minimizedProjectReferenceProxies = 1;
			preferredProjectObjectVersion = 77;
			productRefGroup = 633BDF92D293424E103B2E4F /* Products */;
			projectDirPath = "";
			projectRoot = "";
			targets = (
				06745594AC0636354E01F25C /* VoiceOverDemo */,
				22959A3AF0ADEDEF2AF5FFA9 /* VoiceOverDemoUITests */,
			);
		};
/* End PBXProject section */

/* Begin PBXResourcesBuildPhase section */
		C0E360F27AFE4F5BE4DCE9DA /* Resources */ = {
			isa = PBXResourcesBuildPhase;
			buildActionMask = 2147483647;
			files = (
				F12592D0B0AB5EC40888C995 /* Assets.xcassets in Resources */,
				LOC1111111111111111111111 /* Localizable.strings in Resources */,
				INF1111111111111111111111 /* InfoPlist.strings in Resources */,
			);
			runOnlyForDeploymentPostprocessing = 0;
		};
		F69323BEDC3FD2CF5BDB75EC /* Resources */ = {
			isa = PBXResourcesBuildPhase;
			buildActionMask = 2147483647;
			files = (
			);
			runOnlyForDeploymentPostprocessing = 0;
		};
/* End PBXResourcesBuildPhase section */

/* Begin PBXSourcesBuildPhase section */
		333DA9B452A1D2980D5C8FEA /* Sources */ = {
			isa = PBXSourcesBuildPhase;
			buildActionMask = 2147483647;
			files = (
				D81DF842A986F69FE5E3A69A /* ContentView.swift in Sources */,
				33333333333333333333CCC1 /* CustomScrollDemoViewController.swift in Sources */,
				DEMOTAB1111111111111111 /* DemoTabView.swift in Sources */,
				RBTAB11111111111111111 /* RadioButtonTabView.swift in Sources */,
				55555555555555555555EEE1 /* FoodItem.swift in Sources */,
				77777777777777777777GGG1 /* TitleTableViewCell.swift in Sources */,
				99999999999999999999III1 /* FoodCollectionViewCell.swift in Sources */,
				BBBBBBBBBBBBBBBBBBBBKKKK1 /* HorizontalScrollTableViewCell.swift in Sources */,
				DDDDDDDDDDDDDDDDDDDDMMM1 /* ToastView.swift in Sources */,
				ACC111111111111111111111 /* AccessibleDemoView.swift in Sources */,
				ARBDEMO1111111111111111 /* AccessibleRadioButtonDemoView.swift in Sources */,
				RBDEMO111111111111111111 /* RadioButtonDemoViewController.swift in Sources */,
				NAC111111111111111111111 /* NonAccessibleDemoView.swift in Sources */,
				NARBDEMO111111111111111 /* NonAccessibleRadioButtonDemoView.swift in Sources */,
				NRBDEMO1111111111111111 /* NonAccessibleRadioButtonViewController.swift in Sources */,
				NAC333333333333333333333 /* NonAccessibleFoodCell.swift in Sources */,
				NAC555555555555555555555 /* NonAccessibleHorizontalCell.swift in Sources */,
				NAC777777777777777777777 /* NonAccessibleTitleCell.swift in Sources */,
				NAC999999999999999999999 /* NonAccessibleViewController.swift in Sources */,
				66099B44A818983E0B5AD541 /* VoiceOverDemoApp.swift in Sources */,
				FE40C1627936C51CC5EE4106 /* ExpandableDataModel.swift in Sources */,
				565D7ABC6F7BBB566197F67A /* ExpandableTabView.swift in Sources */,
				5FBE202D32EEB8284C7290AB /* ExpandableHeaderCell.swift in Sources */,
				118A585E0204B9A48FEEEEC4 /* ExpandableItemCell.swift in Sources */,
				CFFB2F121FD52D850B4F98B4 /* NonAccessibleExpandableViewController.swift in Sources */,
				900E3044059BDF4AAC3C5AE0 /* NonAccessibleExpandableDemoView.swift in Sources */,
				ED82E82C3D7089ECF27AE624 /* AccessibleExpandableDemoView.swift in Sources */,
				8FD0B77214B5EBA634FB0626 /* AccessibleExpandableViewController.swift in Sources */,
				3BC5860A0B2B9369EFBE8027 /* AccessibleExpandableHeaderCell.swift in Sources */,
				182422204D398689BC2A8414 /* AccessibleExpandableItemCell.swift in Sources */,
				ACATCELL1111111111111111 /* AccessibleCategoryTableViewCell.swift in Sources */,
				ACSEASONCELL111111111111 /* AccessibleSeasonCollectionViewCell.swift in Sources */,
				B0FF40DF8AF2AF960FA83832 /* SeasonCollectionViewCell.swift in Sources */,
				8EE24275956BCCA8BAB08EFD /* CategoryTableViewCell.swift in Sources */,
				C63765E1A7522B45339152AA /* AccessibleCategoryHeaderView.swift in Sources */,
				4295732BD476074C0E7F0985 /* AccessibleCollectionViewContainerCell.swift in Sources */,
				3B2E02559178144D0A71416B /* CategoryHeaderView.swift in Sources */,
				43F65148887052B4423182BA /* CollectionViewContainerCell.swift in Sources */,
			);
			runOnlyForDeploymentPostprocessing = 0;
		};
		B403AA00438B2FA3A9A01D9C /* Sources */ = {
			isa = PBXSourcesBuildPhase;
			buildActionMask = 2147483647;
			files = (
				E4ADC035674DEAC283B4736F /* VoiceOverDemoUITests.swift in Sources */,
				D4493931103438B760B660D7 /* VoiceOverDemoUITests_Complete.swift in Sources */,
				62CA68588F5F95E47275A3AA /* VoiceOverDemoUITests_CoordinateBased.swift in Sources */,
				85EF63166807D525EDF626FD /* VoiceOverDemoUITests_FruitSpringFlow.swift in Sources */,
				8D154EF733D9AFD53F256C51 /* VoiceOverDemoUITests_Debug.swift in Sources */,
				0F464A91A21544F25AA385F8 /* SeasonCollectionViewCell.swift in Sources */,
				6C484ACC94771BB8DF1FA0B3 /* CategoryTableViewCell.swift in Sources */,
			);
			runOnlyForDeploymentPostprocessing = 0;
		};
/* End PBXSourcesBuildPhase section */

/* Begin PBXTargetDependency section */
		A5874F3422A87AF2817CF079 /* PBXTargetDependency */ = {
			isa = PBXTargetDependency;
			name = VoiceOverDemo;
			target = 06745594AC0636354E01F25C /* VoiceOverDemo */;
			targetProxy = 8825649C42C1EEE0884ADF6D /* PBXContainerItemProxy */;
		};
/* End PBXTargetDependency section */

/* Begin PBXVariantGroup section */
		INF2222222222222222222222 /* InfoPlist.strings */ = {
			isa = PBXVariantGroup;
			children = (
				INF3333333333333333333333 /* ko */,
				INF4444444444444444444444 /* en */,
			);
			name = InfoPlist.strings;
			sourceTree = "<group>";
		};
		LOC2222222222222222222222 /* Localizable.strings */ = {
			isa = PBXVariantGroup;
			children = (
				LOC3333333333333333333333 /* ko */,
				LOC4444444444444444444444 /* en */,
			);
			name = Localizable.strings;
			sourceTree = "<group>";
		};
/* End PBXVariantGroup section */

/* Begin XCBuildConfiguration section */
		134D87504C1FFADE453762E1 /* Debug */ = {
			isa = XCBuildConfiguration;
			buildSettings = {
				CLANG_ENABLE_OBJC_WEAK = NO;
				CODE_SIGNING_ALLOWED = NO;
				CODE_SIGNING_REQUIRED = NO;
				CODE_SIGN_IDENTITY = "";
				CODE_SIGN_STYLE = Automatic;
				GENERATE_INFOPLIST_FILE = YES;
				IPHONEOS_DEPLOYMENT_TARGET = 17.0;
				PRODUCT_BUNDLE_IDENTIFIER = com.voiceoverdemo.VoiceOverDemoUITests;
				SDKROOT = iphoneos;
				SWIFT_VERSION = 5.0;
				TARGETED_DEVICE_FAMILY = "1,2";
				TEST_TARGET_NAME = VoiceOverDemo;
			};
			name = Debug;
		};
		14F6E92B98A5D6DA5675C917 /* Release */ = {
			isa = XCBuildConfiguration;
			buildSettings = {
				ALWAYS_SEARCH_USER_PATHS = NO;
				CLANG_ANALYZER_NONNULL = YES;
				CLANG_ANALYZER_NUMBER_OBJECT_CONVERSION = YES_AGGRESSIVE;
				CLANG_CXX_LANGUAGE_STANDARD = "gnu++14";
				CLANG_CXX_LIBRARY = "libc++";
				CLANG_ENABLE_MODULES = YES;
				CLANG_ENABLE_OBJC_ARC = YES;
				CLANG_ENABLE_OBJC_WEAK = YES;
				CLANG_WARN_BLOCK_CAPTURE_AUTORELEASING = YES;
				CLANG_WARN_BOOL_CONVERSION = YES;
				CLANG_WARN_COMMA = YES;
				CLANG_WARN_CONSTANT_CONVERSION = YES;
				CLANG_WARN_DEPRECATED_OBJC_IMPLEMENTATIONS = YES;
				CLANG_WARN_DIRECT_OBJC_ISA_USAGE = YES_ERROR;
				CLANG_WARN_DOCUMENTATION_COMMENTS = YES;
				CLANG_WARN_EMPTY_BODY = YES;
				CLANG_WARN_ENUM_CONVERSION = YES;
				CLANG_WARN_INFINITE_RECURSION = YES;
				CLANG_WARN_INT_CONVERSION = YES;
				CLANG_WARN_NON_LITERAL_NULL_CONVERSION = YES;
				CLANG_WARN_OBJC_IMPLICIT_RETAIN_SELF = YES;
				CLANG_WARN_OBJC_LITERAL_CONVERSION = YES;
				CLANG_WARN_OBJC_ROOT_CLASS = YES_ERROR;
				CLANG_WARN_QUOTED_INCLUDE_IN_FRAMEWORK_HEADER = YES;
				CLANG_WARN_RANGE_LOOP_ANALYSIS = YES;
				CLANG_WARN_STRICT_PROTOTYPES = YES;
				CLANG_WARN_SUSPICIOUS_MOVE = YES;
				CLANG_WARN_UNGUARDED_AVAILABILITY = YES_AGGRESSIVE;
				CLANG_WARN_UNREACHABLE_CODE = YES;
				CLANG_WARN__DUPLICATE_METHOD_MATCH = YES;
				COPY_PHASE_STRIP = NO;
				DEBUG_INFORMATION_FORMAT = "dwarf-with-dsym";
				ENABLE_NS_ASSERTIONS = NO;
				ENABLE_STRICT_OBJC_MSGSEND = YES;
				GCC_C_LANGUAGE_STANDARD = gnu11;
				GCC_NO_COMMON_BLOCKS = YES;
				GCC_WARN_64_TO_32_BIT_CONVERSION = YES;
				GCC_WARN_ABOUT_RETURN_TYPE = YES_ERROR;
				GCC_WARN_UNDECLARED_SELECTOR = YES;
				GCC_WARN_UNINITIALIZED_AUTOS = YES_AGGRESSIVE;
				GCC_WARN_UNUSED_FUNCTION = YES;
				GCC_WARN_UNUSED_VARIABLE = YES;
				IPHONEOS_DEPLOYMENT_TARGET = 17.0;
				MTL_ENABLE_DEBUG_INFO = NO;
				MTL_FAST_MATH = YES;
				PRODUCT_NAME = "$(TARGET_NAME)";
				SDKROOT = iphoneos;
				SWIFT_COMPILATION_MODE = wholemodule;
				SWIFT_OPTIMIZATION_LEVEL = "-O";
				SWIFT_VERSION = 5.0;
			};
			name = Release;
		};
		1639EC20FC60475D582DA56E /* Release */ = {
			isa = XCBuildConfiguration;
			buildSettings = {
				CLANG_ENABLE_OBJC_WEAK = NO;
				CODE_SIGNING_ALLOWED = NO;
				CODE_SIGNING_REQUIRED = NO;
				CODE_SIGN_IDENTITY = "";
				CODE_SIGN_STYLE = Automatic;
				GENERATE_INFOPLIST_FILE = YES;
				IPHONEOS_DEPLOYMENT_TARGET = 17.0;
				PRODUCT_BUNDLE_IDENTIFIER = com.voiceoverdemo.VoiceOverDemoUITests;
				SDKROOT = iphoneos;
				SWIFT_VERSION = 5.0;
				TARGETED_DEVICE_FAMILY = "1,2";
				TEST_TARGET_NAME = VoiceOverDemo;
				VALIDATE_PRODUCT = YES;
			};
			name = Release;
		};
		17EC368D222ED1D1ABFB14F7 /* Release */ = {
			isa = XCBuildConfiguration;
			buildSettings = {
				ASSETCATALOG_COMPILER_APPICON_NAME = AppIcon;
				CODE_SIGN_IDENTITY = "iPhone Developer";
				DEVELOPMENT_TEAM = CT8CT953JS;
				INFOPLIST_FILE = VoiceOverDemo/Info.plist;
				LD_RUNPATH_SEARCH_PATHS = (
					"$(inherited)",
					"@executable_path/Frameworks",
				);
				PRODUCT_BUNDLE_IDENTIFIER = com.voiceoverdemo.VoiceOverDemo;
				SDKROOT = iphoneos;
				TARGETED_DEVICE_FAMILY = "1,2";
			};
			name = Release;
		};
		4F9751116C60751568473ED6 /* Debug */ = {
			isa = XCBuildConfiguration;
			buildSettings = {
				ALWAYS_SEARCH_USER_PATHS = NO;
				CLANG_ANALYZER_NONNULL = YES;
				CLANG_ANALYZER_NUMBER_OBJECT_CONVERSION = YES_AGGRESSIVE;
				CLANG_CXX_LANGUAGE_STANDARD = "gnu++14";
				CLANG_CXX_LIBRARY = "libc++";
				CLANG_ENABLE_MODULES = YES;
				CLANG_ENABLE_OBJC_ARC = YES;
				CLANG_ENABLE_OBJC_WEAK = YES;
				CLANG_WARN_BLOCK_CAPTURE_AUTORELEASING = YES;
				CLANG_WARN_BOOL_CONVERSION = YES;
				CLANG_WARN_COMMA = YES;
				CLANG_WARN_CONSTANT_CONVERSION = YES;
				CLANG_WARN_DEPRECATED_OBJC_IMPLEMENTATIONS = YES;
				CLANG_WARN_DIRECT_OBJC_ISA_USAGE = YES_ERROR;
				CLANG_WARN_DOCUMENTATION_COMMENTS = YES;
				CLANG_WARN_EMPTY_BODY = YES;
				CLANG_WARN_ENUM_CONVERSION = YES;
				CLANG_WARN_INFINITE_RECURSION = YES;
				CLANG_WARN_INT_CONVERSION = YES;
				CLANG_WARN_NON_LITERAL_NULL_CONVERSION = YES;
				CLANG_WARN_OBJC_IMPLICIT_RETAIN_SELF = YES;
				CLANG_WARN_OBJC_LITERAL_CONVERSION = YES;
				CLANG_WARN_OBJC_ROOT_CLASS = YES_ERROR;
				CLANG_WARN_QUOTED_INCLUDE_IN_FRAMEWORK_HEADER = YES;
				CLANG_WARN_RANGE_LOOP_ANALYSIS = YES;
				CLANG_WARN_STRICT_PROTOTYPES = YES;
				CLANG_WARN_SUSPICIOUS_MOVE = YES;
				CLANG_WARN_UNGUARDED_AVAILABILITY = YES_AGGRESSIVE;
				CLANG_WARN_UNREACHABLE_CODE = YES;
				CLANG_WARN__DUPLICATE_METHOD_MATCH = YES;
				COPY_PHASE_STRIP = NO;
				DEBUG_INFORMATION_FORMAT = dwarf;
				ENABLE_STRICT_OBJC_MSGSEND = YES;
				ENABLE_TESTABILITY = YES;
				GCC_C_LANGUAGE_STANDARD = gnu11;
				GCC_DYNAMIC_NO_PIC = NO;
				GCC_NO_COMMON_BLOCKS = YES;
				GCC_OPTIMIZATION_LEVEL = 0;
				GCC_PREPROCESSOR_DEFINITIONS = (
					"$(inherited)",
					"DEBUG=1",
				);
				GCC_WARN_64_TO_32_BIT_CONVERSION = YES;
				GCC_WARN_ABOUT_RETURN_TYPE = YES_ERROR;
				GCC_WARN_UNDECLARED_SELECTOR = YES;
				GCC_WARN_UNINITIALIZED_AUTOS = YES_AGGRESSIVE;
				GCC_WARN_UNUSED_FUNCTION = YES;
				GCC_WARN_UNUSED_VARIABLE = YES;
				IPHONEOS_DEPLOYMENT_TARGET = 17.0;
				MTL_ENABLE_DEBUG_INFO = INCLUDE_SOURCE;
				MTL_FAST_MATH = YES;
				ONLY_ACTIVE_ARCH = YES;
				PRODUCT_NAME = "$(TARGET_NAME)";
				SDKROOT = iphoneos;
				SWIFT_ACTIVE_COMPILATION_CONDITIONS = DEBUG;
				SWIFT_OPTIMIZATION_LEVEL = "-Onone";
				SWIFT_VERSION = 5.0;
			};
			name = Debug;
		};
		8E1D879C9EFDE440CB1717D9 /* Debug */ = {
			isa = XCBuildConfiguration;
			buildSettings = {
				ASSETCATALOG_COMPILER_APPICON_NAME = AppIcon;
				CODE_SIGN_IDENTITY = "iPhone Developer";
				DEVELOPMENT_TEAM = CT8CT953JS;
				INFOPLIST_FILE = VoiceOverDemo/Info.plist;
				LD_RUNPATH_SEARCH_PATHS = (
					"$(inherited)",
					"@executable_path/Frameworks",
				);
				PRODUCT_BUNDLE_IDENTIFIER = com.voiceoverdemo.VoiceOverDemo;
				SDKROOT = iphoneos;
				TARGETED_DEVICE_FAMILY = "1,2";
			};
			name = Debug;
		};
/* End XCBuildConfiguration section */

/* Begin XCConfigurationList section */
		20B6A9B8E0C10163483CF9A1 /* Build configuration list for PBXProject "VoiceOverDemo" */ = {
			isa = XCConfigurationList;
			buildConfigurations = (
				4F9751116C60751568473ED6 /* Debug */,
				14F6E92B98A5D6DA5675C917 /* Release */,
			);
			defaultConfigurationIsVisible = 0;
			defaultConfigurationName = Debug;
		};
		529EDE3FA3644F5B0FFAC3B3 /* Build configuration list for PBXNativeTarget "VoiceOverDemo" */ = {
			isa = XCConfigurationList;
			buildConfigurations = (
				8E1D879C9EFDE440CB1717D9 /* Debug */,
				17EC368D222ED1D1ABFB14F7 /* Release */,
			);
			defaultConfigurationIsVisible = 0;
			defaultConfigurationName = Debug;
		};
		E4D9DBF4335BE2E6E30EFF02 /* Build configuration list for PBXNativeTarget "VoiceOverDemoUITests" */ = {
			isa = XCConfigurationList;
			buildConfigurations = (
				1639EC20FC60475D582DA56E /* Release */,
				134D87504C1FFADE453762E1 /* Debug */,
			);
			defaultConfigurationIsVisible = 0;
			defaultConfigurationName = Release;
		};
/* End XCConfigurationList section */
	};
	rootObject = 59C242063125F360AF84B2FB /* Project object */;
}
