// !$*UTF8*$!
{
	archiveVersion = 1;
	classes = {
	};
	objectVersion = 63;
	objects = {

/* Begin PBXBuildFile section */
		012B44AD28FF416996E43296 /* HorizontalScrollTableViewCell.swift in Sources */ = {isa = PBXBuildFile; fileRef = BB45FEF755BBD5CB3070C873 /* HorizontalScrollTableViewCell.swift */; };
		08DA6E58D92F3E1A750C6DD6 /* NonAccessibleRadioButtonViewController.swift in Sources */ = {isa = PBXBuildFile; fileRef = 3471F021B6E97FA0E21B0009 /* NonAccessibleRadioButtonViewController.swift */; };
		0F8F97D2DD420BE0F1D6E8F1 /* NonAccessibleTitleCell.swift in Sources */ = {isa = PBXBuildFile; fileRef = 2DB1CDFDC333107C521706FA /* NonAccessibleTitleCell.swift */; };
		1F1166E9BC386A8AAA1C546C /* NonAccessibleSwiftUIContainerDemoView.swift in Sources */ = {isa = PBXBuildFile; fileRef = 5A10958F3EE1D1563AB9AD88 /* NonAccessibleSwiftUIContainerDemoView.swift */; };
		1FC38CAC7AEA14A327F06BBF /* ContainerTestDataModel.swift in Sources */ = {isa = PBXBuildFile; fileRef = A0A8EF18F5E62E96B4ADBD64 /* ContainerTestDataModel.swift */; };
		2175A4D6CBCE4B5C7DEF2DAA /* NonAccessibleContainerTestViewController.swift in Sources */ = {isa = PBXBuildFile; fileRef = 9F2BEE79F08CFA847056041C /* NonAccessibleContainerTestViewController.swift */; };
		26A37D1A824D6B9E861D286C /* CustomScrollDemoViewController.swift in Sources */ = {isa = PBXBuildFile; fileRef = 77FC046A6AD943927E99FDF1 /* CustomScrollDemoViewController.swift */; };
		2A716C3D9F1E63AD7EE7CE8D /* NonAccessibleFoodCell.swift in Sources */ = {isa = PBXBuildFile; fileRef = 3FEBC9AF2AB9214AAF1A1B0D /* NonAccessibleFoodCell.swift */; };
		33F812453E4A115C2D8C64C6 /* RadioButtonTabView.swift in Sources */ = {isa = PBXBuildFile; fileRef = 95D4843630872C3DBAEFCCD3 /* RadioButtonTabView.swift */; };
		37652A0ECE257242BD4E4BE9 /* InfoPlist.strings in Resources */ = {isa = PBXBuildFile; fileRef = 5FDB51E7BF3BD4526C7BEF74 /* InfoPlist.strings */; };
		38370B0A07225E64D4D896F4 /* AccessibleExpandableDemoView.swift in Sources */ = {isa = PBXBuildFile; fileRef = A7B8600F1AEC5150AE6FB6A3 /* AccessibleExpandableDemoView.swift */; };
		3D9B873F56D3AA59F1759CB6 /* CategoryTableViewCell.swift in Sources */ = {isa = PBXBuildFile; fileRef = EEBFC7E5CD5215244CD54585 /* CategoryTableViewCell.swift */; };
		414FB86D47FA1BD32E0EC078 /* AccessibleExpandableItemCell.swift in Sources */ = {isa = PBXBuildFile; fileRef = E1B1B942A91892F110917186 /* AccessibleExpandableItemCell.swift */; };
		43E8B3DCF857BE09EA7BC884 /* ToastView.swift in Sources */ = {isa = PBXBuildFile; fileRef = 15049E3BE714F01B8BA51995 /* ToastView.swift */; };
		544A5E46174298EC6B747E92 /* AccessibleSeasonCollectionViewCell.swift in Sources */ = {isa = PBXBuildFile; fileRef = 39ED434C00566D60543D7E03 /* AccessibleSeasonCollectionViewCell.swift */; };
		5F1D04D97C77B0C2E98CCB2A /* AccessibleContainerTestDemoView.swift in Sources */ = {isa = PBXBuildFile; fileRef = 61B7DC0131E870C12BF8C1E0 /* AccessibleContainerTestDemoView.swift */; };
		6129AB56E526024BE9E9DCC5 /* NonAccessibleContainerTestDemoView.swift in Sources */ = {isa = PBXBuildFile; fileRef = AF5264CC4555AB0DB0FDA9B6 /* NonAccessibleContainerTestDemoView.swift */; };
		61AD7A7A1D7371C8161D603F /* Localizable.strings in Resources */ = {isa = PBXBuildFile; fileRef = 790FBACAE286B0A51B787C61 /* Localizable.strings */; };
		66099B44A818983E0B5AD541 /* VoiceOverDemoApp.swift in Sources */ = {isa = PBXBuildFile; fileRef = A1D8A0359D4F8B88366CDBF0 /* VoiceOverDemoApp.swift */; };
		66B322C2959FE73F6E3AABEE /* NonAccessibleExpandableViewController.swift in Sources */ = {isa = PBXBuildFile; fileRef = E8832C20166D52CD1C3FA16F /* NonAccessibleExpandableViewController.swift */; };
		77966C57DEBCD8958DA1AAA5 /* RadioButtonDemoViewController.swift in Sources */ = {isa = PBXBuildFile; fileRef = EDD68E1D4CCDCB6F01640AFF /* RadioButtonDemoViewController.swift */; };
		78728711C8147C9CA3CFF26C /* SeasonCollectionViewCell.swift in Sources */ = {isa = PBXBuildFile; fileRef = E2756E0BF89768F82F9B810B /* SeasonCollectionViewCell.swift */; };
		7BE8068F83BC208806215B8B /* NonAccessibleDemoView.swift in Sources */ = {isa = PBXBuildFile; fileRef = 3A56BDD085678191F98A0F77 /* NonAccessibleDemoView.swift */; };
		7E78EE91F94029E20A92CD1B /* AccessibleExpandableViewController.swift in Sources */ = {isa = PBXBuildFile; fileRef = 544B8CA6DE4F05B9D9136EED /* AccessibleExpandableViewController.swift */; };
		82453852E2449CB0228D6B75 /* NonAccessibleHorizontalCell.swift in Sources */ = {isa = PBXBuildFile; fileRef = 421879DC443AAB32B7EF2CC5 /* NonAccessibleHorizontalCell.swift */; };
		8488E6F334724456F91CA25C /* NonAccessibleViewController.swift in Sources */ = {isa = PBXBuildFile; fileRef = 089A837DA8084F73997C9195 /* NonAccessibleViewController.swift */; };
		8736F563C9EDA54FD3BCB590 /* NonAccessibleRadioButtonDemoView.swift in Sources */ = {isa = PBXBuildFile; fileRef = 92835386EF7912B68522539E /* NonAccessibleRadioButtonDemoView.swift */; };
		94A6665CD7732717DC5560B9 /* SwiftUIContainerTestTabView.swift in Sources */ = {isa = PBXBuildFile; fileRef = A2742D1E974214D53F5B4C81 /* SwiftUIContainerTestTabView.swift */; };
		A3FAAD9F207314F0DBBF83C9 /* CollectionViewContainerCell.swift in Sources */ = {isa = PBXBuildFile; fileRef = 36B8C3F9F4AC7C48DF9C21A7 /* CollectionViewContainerCell.swift */; };
		A8A6CCBB425F4BF22FAD5D4C /* AccessibleContainerTestViewController.swift in Sources */ = {isa = PBXBuildFile; fileRef = B100DA82D3BFCA6B053B9ABE /* AccessibleContainerTestViewController.swift */; };
		AC84E95789ED02A7FE6EDA1E /* CategoryHeaderView.swift in Sources */ = {isa = PBXBuildFile; fileRef = FB8286B99CA942C83B96CC3D /* CategoryHeaderView.swift */; };
		ACA93ADD4CBA8C2A008DFC98 /* DemoTabView.swift in Sources */ = {isa = PBXBuildFile; fileRef = 76B8A0379B7E678FD71653BF /* DemoTabView.swift */; };
		AEC0EF13F6A26B5D02672574 /* AccessibleCategoryTableViewCell.swift in Sources */ = {isa = PBXBuildFile; fileRef = F86F9E375B155B8A1CCD4088 /* AccessibleCategoryTableViewCell.swift */; };
		B3A0EA2EE2291D57E13073EE /* WebViewDemoView.swift in Sources */ = {isa = PBXBuildFile; fileRef = 86229D2EEB5C359D7D09AF77 /* WebViewDemoView.swift */; };
		BA8943F550A6C1CC1EDEA842 /* AccessibleExpandableHeaderCell.swift in Sources */ = {isa = PBXBuildFile; fileRef = 236208D8D7AFCB2664A15D7D /* AccessibleExpandableHeaderCell.swift */; };
		BB35DFD9AA70D746C73E9852 /* AccessibleRadioButtonDemoView.swift in Sources */ = {isa = PBXBuildFile; fileRef = 70D5D4E9DD848300485278C2 /* AccessibleRadioButtonDemoView.swift */; };
		BBBF95BBB4C9E7DE12471835 /* TitleTableViewCell.swift in Sources */ = {isa = PBXBuildFile; fileRef = F8F74F05D23C4293178BADC2 /* TitleTableViewCell.swift */; };
		CE9B51514FF7E158B1094743 /* ExpandableItemCell.swift in Sources */ = {isa = PBXBuildFile; fileRef = 25F0289D33F107F71F95DC80 /* ExpandableItemCell.swift */; };
		D81DF842A986F69FE5E3A69A /* ContentView.swift in Sources */ = {isa = PBXBuildFile; fileRef = 234CDF4507AC9B3BCFE98BFB /* ContentView.swift */; };
		DB78668E4DE5047C1A70E524 /* ContainerTestTabView.swift in Sources */ = {isa = PBXBuildFile; fileRef = 222985CBF8090B41EABE5554 /* ContainerTestTabView.swift */; };
		DC1CB7F5EF854A3E9E41C36C /* AccessibleCategoryHeaderView.swift in Sources */ = {isa = PBXBuildFile; fileRef = 91F217C2B92DEEA9E26144F9 /* AccessibleCategoryHeaderView.swift */; };
		DC309CE43F93A31A41A66431 /* AccessibleDemoView.swift in Sources */ = {isa = PBXBuildFile; fileRef = CC51C4221BB45DFF13797AFD /* AccessibleDemoView.swift */; };
		DD10319C8E9CD25B0557CD8F /* ExpandableHeaderCell.swift in Sources */ = {isa = PBXBuildFile; fileRef = ABFD699F6A94E01F12A07925 /* ExpandableHeaderCell.swift */; };
		EDC41EA160BAA04526346585 /* NonAccessibleExpandableDemoView.swift in Sources */ = {isa = PBXBuildFile; fileRef = F214C0FB2FFCBF1A33CE7130 /* NonAccessibleExpandableDemoView.swift */; };
		F0DB0E20A3638DB824889990 /* AccessibleCollectionViewContainerCell.swift in Sources */ = {isa = PBXBuildFile; fileRef = BDF05D3FEEE77B92503CFBD9 /* AccessibleCollectionViewContainerCell.swift */; };
		F12592D0B0AB5EC40888C995 /* Assets.xcassets in Resources */ = {isa = PBXBuildFile; fileRef = CA3A803710E5E5B0160B6748 /* Assets.xcassets */; };
		F171D1E57CB2D08B35DEC049 /* FoodCollectionViewCell.swift in Sources */ = {isa = PBXBuildFile; fileRef = 1B2D02B3D3C9954BC10B943D /* FoodCollectionViewCell.swift */; };
		F21B72FBDFCC6E0D01B8D7F1 /* AccessibleSwiftUIContainerDemoView.swift in Sources */ = {isa = PBXBuildFile; fileRef = B1D037EA748DB85E7D77240B /* AccessibleSwiftUIContainerDemoView.swift */; };
		F90299DAB7394819FBA4718B /* WebView.swift in Sources */ = {isa = PBXBuildFile; fileRef = F87ED18350BF8127C9802202 /* WebView.swift */; };
		FA4379CBF5DEC1E5CD65B0D4 /* ExpandableDataModel.swift in Sources */ = {isa = PBXBuildFile; fileRef = 9BBD474B8A0CF2E6262AF9C4 /* ExpandableDataModel.swift */; };
		FCC00EA72AD431C4A47DDEB9 /* ExpandableTabView.swift in Sources */ = {isa = PBXBuildFile; fileRef = 2836533DE5DEE7C6B0711198 /* ExpandableTabView.swift */; };
		FDAD547CEF829DF2A7BD6C61 /* FoodItem.swift in Sources */ = {isa = PBXBuildFile; fileRef = 4A9F4349955C77DBF7EC3A25 /* FoodItem.swift */; };
		148FBB79E59645479D3ADE83 /* NonAccessibleSwiftUITableViewContainerDemoView.swift in Sources */ = {isa = PBXBuildFile; fileRef = CEC2050813D74B1786C56A10 /* NonAccessibleSwiftUITableViewContainerDemoView.swift */; };
		EA54EE6D6BE84B08A5D5A1EB /* AccessibleSwiftUITableViewContainerDemoView.swift in Sources */ = {isa = PBXBuildFile; fileRef = 86880F594B5447A391EC395E /* AccessibleSwiftUITableViewContainerDemoView.swift */; };
		9E82D63D0D27432C8AA3218A /* SwiftUITableViewContainerTestTabView.swift in Sources */ = {isa = PBXBuildFile; fileRef = F63CF75FCB244B86A7DF1FC5 /* SwiftUITableViewContainerTestTabView.swift */; };
		473CA2C80C6848D8AFE99D1E /* CustomTabBarViewController.swift in Sources */ = {isa = PBXBuildFile; fileRef = B20C0007FAAF4009955B0155 /* CustomTabBarViewController.swift */; };
		E0A748CA41F243F1AC973B9F /* CustomTabBarView.swift in Sources */ = {isa = PBXBuildFile; fileRef = 378344F15E5248C3A3FF506D /* CustomTabBarView.swift */; };
		ABC123DEF456789012345678 /* WebViewController.swift in Sources */ = {isa = PBXBuildFile; fileRef = DEF987654321FEDCBA098765 /* WebViewController.swift */; };
/* End PBXBuildFile section */

/* Begin PBXFileReference section */
		089A837DA8084F73997C9195 /* NonAccessibleViewController.swift */ = {isa = PBXFileReference; lastKnownFileType = sourcecode.swift; path = NonAccessibleViewController.swift; sourceTree = "<group>"; };
		15049E3BE714F01B8BA51995 /* ToastView.swift */ = {isa = PBXFileReference; lastKnownFileType = sourcecode.swift; path = ToastView.swift; sourceTree = "<group>"; };
		1B2D02B3D3C9954BC10B943D /* FoodCollectionViewCell.swift */ = {isa = PBXFileReference; lastKnownFileType = sourcecode.swift; path = FoodCollectionViewCell.swift; sourceTree = "<group>"; };
		222985CBF8090B41EABE5554 /* ContainerTestTabView.swift */ = {isa = PBXFileReference; lastKnownFileType = sourcecode.swift; path = ContainerTestTabView.swift; sourceTree = "<group>"; };
		234CDF4507AC9B3BCFE98BFB /* ContentView.swift */ = {isa = PBXFileReference; lastKnownFileType = sourcecode.swift; path = ContentView.swift; sourceTree = "<group>"; };
		236208D8D7AFCB2664A15D7D /* AccessibleExpandableHeaderCell.swift */ = {isa = PBXFileReference; lastKnownFileType = sourcecode.swift; path = AccessibleExpandableHeaderCell.swift; sourceTree = "<group>"; };
		25F0289D33F107F71F95DC80 /* ExpandableItemCell.swift */ = {isa = PBXFileReference; lastKnownFileType = sourcecode.swift; path = ExpandableItemCell.swift; sourceTree = "<group>"; };
		2836533DE5DEE7C6B0711198 /* ExpandableTabView.swift */ = {isa = PBXFileReference; lastKnownFileType = sourcecode.swift; path = ExpandableTabView.swift; sourceTree = "<group>"; };
		2DB1CDFDC333107C521706FA /* NonAccessibleTitleCell.swift */ = {isa = PBXFileReference; lastKnownFileType = sourcecode.swift; path = NonAccessibleTitleCell.swift; sourceTree = "<group>"; };
		341790690DCB47AA4DDDABC4 /* Info.plist */ = {isa = PBXFileReference; lastKnownFileType = text.plist; path = Info.plist; sourceTree = "<group>"; };
		3471F021B6E97FA0E21B0009 /* NonAccessibleRadioButtonViewController.swift */ = {isa = PBXFileReference; lastKnownFileType = sourcecode.swift; path = NonAccessibleRadioButtonViewController.swift; sourceTree = "<group>"; };
		36B8C3F9F4AC7C48DF9C21A7 /* CollectionViewContainerCell.swift */ = {isa = PBXFileReference; lastKnownFileType = sourcecode.swift; path = CollectionViewContainerCell.swift; sourceTree = "<group>"; };
		39ED434C00566D60543D7E03 /* AccessibleSeasonCollectionViewCell.swift */ = {isa = PBXFileReference; lastKnownFileType = sourcecode.swift; path = AccessibleSeasonCollectionViewCell.swift; sourceTree = "<group>"; };
		3A56BDD085678191F98A0F77 /* NonAccessibleDemoView.swift */ = {isa = PBXFileReference; lastKnownFileType = sourcecode.swift; path = NonAccessibleDemoView.swift; sourceTree = "<group>"; };
		3FEBC9AF2AB9214AAF1A1B0D /* NonAccessibleFoodCell.swift */ = {isa = PBXFileReference; lastKnownFileType = sourcecode.swift; path = NonAccessibleFoodCell.swift; sourceTree = "<group>"; };
		421879DC443AAB32B7EF2CC5 /* NonAccessibleHorizontalCell.swift */ = {isa = PBXFileReference; lastKnownFileType = sourcecode.swift; path = NonAccessibleHorizontalCell.swift; sourceTree = "<group>"; };
		4A9F4349955C77DBF7EC3A25 /* FoodItem.swift */ = {isa = PBXFileReference; lastKnownFileType = sourcecode.swift; path = FoodItem.swift; sourceTree = "<group>"; };
		544B8CA6DE4F05B9D9136EED /* AccessibleExpandableViewController.swift */ = {isa = PBXFileReference; lastKnownFileType = sourcecode.swift; path = AccessibleExpandableViewController.swift; sourceTree = "<group>"; };
		5A10958F3EE1D1563AB9AD88 /* NonAccessibleSwiftUIContainerDemoView.swift */ = {isa = PBXFileReference; lastKnownFileType = sourcecode.swift; path = NonAccessibleSwiftUIContainerDemoView.swift; sourceTree = "<group>"; };
		61B7DC0131E870C12BF8C1E0 /* AccessibleContainerTestDemoView.swift */ = {isa = PBXFileReference; lastKnownFileType = sourcecode.swift; path = AccessibleContainerTestDemoView.swift; sourceTree = "<group>"; };
		70D5D4E9DD848300485278C2 /* AccessibleRadioButtonDemoView.swift */ = {isa = PBXFileReference; lastKnownFileType = sourcecode.swift; path = AccessibleRadioButtonDemoView.swift; sourceTree = "<group>"; };
		76B8A0379B7E678FD71653BF /* DemoTabView.swift */ = {isa = PBXFileReference; lastKnownFileType = sourcecode.swift; path = DemoTabView.swift; sourceTree = "<group>"; };
		77FC046A6AD943927E99FDF1 /* CustomScrollDemoViewController.swift */ = {isa = PBXFileReference; lastKnownFileType = sourcecode.swift; path = CustomScrollDemoViewController.swift; sourceTree = "<group>"; };
		7EAC75328BB49DFDEC917117 /* VoiceOverDemo.app */ = {isa = PBXFileReference; explicitFileType = wrapper.application; includeInIndex = 0; path = VoiceOverDemo.app; sourceTree = BUILT_PRODUCTS_DIR; };
		86229D2EEB5C359D7D09AF77 /* WebViewDemoView.swift */ = {isa = PBXFileReference; lastKnownFileType = sourcecode.swift; path = WebViewDemoView.swift; sourceTree = "<group>"; };
		91F217C2B92DEEA9E26144F9 /* AccessibleCategoryHeaderView.swift */ = {isa = PBXFileReference; lastKnownFileType = sourcecode.swift; path = AccessibleCategoryHeaderView.swift; sourceTree = "<group>"; };
		92835386EF7912B68522539E /* NonAccessibleRadioButtonDemoView.swift */ = {isa = PBXFileReference; lastKnownFileType = sourcecode.swift; path = NonAccessibleRadioButtonDemoView.swift; sourceTree = "<group>"; };
		95D4843630872C3DBAEFCCD3 /* RadioButtonTabView.swift */ = {isa = PBXFileReference; lastKnownFileType = sourcecode.swift; path = RadioButtonTabView.swift; sourceTree = "<group>"; };
		9BBD474B8A0CF2E6262AF9C4 /* ExpandableDataModel.swift */ = {isa = PBXFileReference; lastKnownFileType = sourcecode.swift; path = ExpandableDataModel.swift; sourceTree = "<group>"; };
		9F2BEE79F08CFA847056041C /* NonAccessibleContainerTestViewController.swift */ = {isa = PBXFileReference; lastKnownFileType = sourcecode.swift; path = NonAccessibleContainerTestViewController.swift; sourceTree = "<group>"; };
		A0A8EF18F5E62E96B4ADBD64 /* ContainerTestDataModel.swift */ = {isa = PBXFileReference; lastKnownFileType = sourcecode.swift; path = ContainerTestDataModel.swift; sourceTree = "<group>"; };
		A1D8A0359D4F8B88366CDBF0 /* VoiceOverDemoApp.swift */ = {isa = PBXFileReference; lastKnownFileType = sourcecode.swift; path = VoiceOverDemoApp.swift; sourceTree = "<group>"; };
		A2742D1E974214D53F5B4C81 /* SwiftUIContainerTestTabView.swift */ = {isa = PBXFileReference; lastKnownFileType = sourcecode.swift; path = SwiftUIContainerTestTabView.swift; sourceTree = "<group>"; };
		A7B8600F1AEC5150AE6FB6A3 /* AccessibleExpandableDemoView.swift */ = {isa = PBXFileReference; lastKnownFileType = sourcecode.swift; path = AccessibleExpandableDemoView.swift; sourceTree = "<group>"; };
		ABFD699F6A94E01F12A07925 /* ExpandableHeaderCell.swift */ = {isa = PBXFileReference; lastKnownFileType = sourcecode.swift; path = ExpandableHeaderCell.swift; sourceTree = "<group>"; };
		AF5264CC4555AB0DB0FDA9B6 /* NonAccessibleContainerTestDemoView.swift */ = {isa = PBXFileReference; lastKnownFileType = sourcecode.swift; path = NonAccessibleContainerTestDemoView.swift; sourceTree = "<group>"; };
		B100DA82D3BFCA6B053B9ABE /* AccessibleContainerTestViewController.swift */ = {isa = PBXFileReference; lastKnownFileType = sourcecode.swift; path = AccessibleContainerTestViewController.swift; sourceTree = "<group>"; };
		B1D037EA748DB85E7D77240B /* AccessibleSwiftUIContainerDemoView.swift */ = {isa = PBXFileReference; lastKnownFileType = sourcecode.swift; path = AccessibleSwiftUIContainerDemoView.swift; sourceTree = "<group>"; };
		BB45FEF755BBD5CB3070C873 /* HorizontalScrollTableViewCell.swift */ = {isa = PBXFileReference; lastKnownFileType = sourcecode.swift; path = HorizontalScrollTableViewCell.swift; sourceTree = "<group>"; };
		BDF05D3FEEE77B92503CFBD9 /* AccessibleCollectionViewContainerCell.swift */ = {isa = PBXFileReference; lastKnownFileType = sourcecode.swift; path = AccessibleCollectionViewContainerCell.swift; sourceTree = "<group>"; };
		BECC85AE0610F315F166E8B1 /* en */ = {isa = PBXFileReference; lastKnownFileType = text.plist.strings; name = en; path = en.lproj/InfoPlist.strings; sourceTree = "<group>"; };
		CA3A803710E5E5B0160B6748 /* Assets.xcassets */ = {isa = PBXFileReference; lastKnownFileType = folder.assetcatalog; path = Assets.xcassets; sourceTree = "<group>"; };
		CC51C4221BB45DFF13797AFD /* AccessibleDemoView.swift */ = {isa = PBXFileReference; lastKnownFileType = sourcecode.swift; path = AccessibleDemoView.swift; sourceTree = "<group>"; };
		D075BCB806858AFA7653E909 /* ko */ = {isa = PBXFileReference; lastKnownFileType = text.plist.strings; name = ko; path = ko.lproj/InfoPlist.strings; sourceTree = "<group>"; };
		D8D7665F3F0E507D678AF022 /* ko */ = {isa = PBXFileReference; lastKnownFileType = text.plist.strings; name = ko; path = ko.lproj/Localizable.strings; sourceTree = "<group>"; };
		DAA5FF3E7FBC2FDB59DEEEB2 /* en */ = {isa = PBXFileReference; lastKnownFileType = text.plist.strings; name = en; path = en.lproj/Localizable.strings; sourceTree = "<group>"; };
		E1B1B942A91892F110917186 /* AccessibleExpandableItemCell.swift */ = {isa = PBXFileReference; lastKnownFileType = sourcecode.swift; path = AccessibleExpandableItemCell.swift; sourceTree = "<group>"; };
		E2756E0BF89768F82F9B810B /* SeasonCollectionViewCell.swift */ = {isa = PBXFileReference; lastKnownFileType = sourcecode.swift; path = SeasonCollectionViewCell.swift; sourceTree = "<group>"; };
		E8832C20166D52CD1C3FA16F /* NonAccessibleExpandableViewController.swift */ = {isa = PBXFileReference; lastKnownFileType = sourcecode.swift; path = NonAccessibleExpandableViewController.swift; sourceTree = "<group>"; };
		EDD68E1D4CCDCB6F01640AFF /* RadioButtonDemoViewController.swift */ = {isa = PBXFileReference; lastKnownFileType = sourcecode.swift; path = RadioButtonDemoViewController.swift; sourceTree = "<group>"; };
		EEBFC7E5CD5215244CD54585 /* CategoryTableViewCell.swift */ = {isa = PBXFileReference; lastKnownFileType = sourcecode.swift; path = CategoryTableViewCell.swift; sourceTree = "<group>"; };
		F214C0FB2FFCBF1A33CE7130 /* NonAccessibleExpandableDemoView.swift */ = {isa = PBXFileReference; lastKnownFileType = sourcecode.swift; path = NonAccessibleExpandableDemoView.swift; sourceTree = "<group>"; };
		F86F9E375B155B8A1CCD4088 /* AccessibleCategoryTableViewCell.swift */ = {isa = PBXFileReference; lastKnownFileType = sourcecode.swift; path = AccessibleCategoryTableViewCell.swift; sourceTree = "<group>"; };
		F87ED18350BF8127C9802202 /* WebView.swift */ = {isa = PBXFileReference; lastKnownFileType = sourcecode.swift; path = WebView.swift; sourceTree = "<group>"; };
		F8F74F05D23C4293178BADC2 /* TitleTableViewCell.swift */ = {isa = PBXFileReference; lastKnownFileType = sourcecode.swift; path = TitleTableViewCell.swift; sourceTree = "<group>"; };
		FB8286B99CA942C83B96CC3D /* CategoryHeaderView.swift */ = {isa = PBXFileReference; lastKnownFileType = sourcecode.swift; path = CategoryHeaderView.swift; sourceTree = "<group>"; };
		CEC2050813D74B1786C56A10 /* NonAccessibleSwiftUITableViewContainerDemoView.swift */ = {isa = PBXFileReference; lastKnownFileType = sourcecode.swift; path = NonAccessibleSwiftUITableViewContainerDemoView.swift; sourceTree = "<group>"; };
		86880F594B5447A391EC395E /* AccessibleSwiftUITableViewContainerDemoView.swift */ = {isa = PBXFileReference; lastKnownFileType = sourcecode.swift; path = AccessibleSwiftUITableViewContainerDemoView.swift; sourceTree = "<group>"; };
		F63CF75FCB244B86A7DF1FC5 /* SwiftUITableViewContainerTestTabView.swift */ = {isa = PBXFileReference; lastKnownFileType = sourcecode.swift; path = SwiftUITableViewContainerTestTabView.swift; sourceTree = "<group>"; };
		B20C0007FAAF4009955B0155 /* CustomTabBarViewController.swift */ = {isa = PBXFileReference; lastKnownFileType = sourcecode.swift; path = CustomTabBarViewController.swift; sourceTree = "<group>"; };
		378344F15E5248C3A3FF506D /* CustomTabBarView.swift */ = {isa = PBXFileReference; lastKnownFileType = sourcecode.swift; path = CustomTabBarView.swift; sourceTree = "<group>"; };
		DEF987654321FEDCBA098765 /* WebViewController.swift */ = {isa = PBXFileReference; lastKnownFileType = sourcecode.swift; path = WebViewController.swift; sourceTree = "<group>"; };
/* End PBXFileReference section */

/* Begin PBXGroup section */
		633BDF92D293424E103B2E4F /* Products */ = {
			isa = PBXGroup;
			children = (
				7EAC75328BB49DFDEC917117 /* VoiceOverDemo.app */,
			);
			name = Products;
			sourceTree = "<group>";
		};
		A28FEFB9BB394727B0AE916A /* VoiceOverDemo */ = {
			isa = PBXGroup;
			children = (
				CA3A803710E5E5B0160B6748 /* Assets.xcassets */,
				A0A8EF18F5E62E96B4ADBD64 /* ContainerTestDataModel.swift */,
				222985CBF8090B41EABE5554 /* ContainerTestTabView.swift */,
				234CDF4507AC9B3BCFE98BFB /* ContentView.swift */,
				76B8A0379B7E678FD71653BF /* DemoTabView.swift */,
				9BBD474B8A0CF2E6262AF9C4 /* ExpandableDataModel.swift */,
				2836533DE5DEE7C6B0711198 /* ExpandableTabView.swift */,
				4A9F4349955C77DBF7EC3A25 /* FoodItem.swift */,
				341790690DCB47AA4DDDABC4 /* Info.plist */,
				95D4843630872C3DBAEFCCD3 /* RadioButtonTabView.swift */,
				A2742D1E974214D53F5B4C81 /* SwiftUIContainerTestTabView.swift */,
				15049E3BE714F01B8BA51995 /* ToastView.swift */,
				A1D8A0359D4F8B88366CDBF0 /* VoiceOverDemoApp.swift */,
				F87ED18350BF8127C9802202 /* WebView.swift */,
				DEF987654321FEDCBA098765 /* WebViewController.swift */,
				86229D2EEB5C359D7D09AF77 /* WebViewDemoView.swift */,
				F655F1E023BFFF8EB736985A /* Accessible */,
				AA5B8664490F6B5781513991 /* NonAccessible */,
				AC56ACFB74BD9159F20A0DF2 /* Resources */,
							B20C0007FAAF4009955B0155 /* CustomTabBarViewController.swift */,
				378344F15E5248C3A3FF506D /* CustomTabBarView.swift */,
				F63CF75FCB244B86A7DF1FC5 /* SwiftUITableViewContainerTestTabView.swift */,
);
			path = VoiceOverDemo;
			sourceTree = "<group>";
		};
		AA5B8664490F6B5781513991 /* NonAccessible */ = {
			isa = PBXGroup;
			children = (
				FB8286B99CA942C83B96CC3D /* CategoryHeaderView.swift */,
				EEBFC7E5CD5215244CD54585 /* CategoryTableViewCell.swift */,
				36B8C3F9F4AC7C48DF9C21A7 /* CollectionViewContainerCell.swift */,
				ABFD699F6A94E01F12A07925 /* ExpandableHeaderCell.swift */,
				25F0289D33F107F71F95DC80 /* ExpandableItemCell.swift */,
				AF5264CC4555AB0DB0FDA9B6 /* NonAccessibleContainerTestDemoView.swift */,
				9F2BEE79F08CFA847056041C /* NonAccessibleContainerTestViewController.swift */,
				3A56BDD085678191F98A0F77 /* NonAccessibleDemoView.swift */,
				F214C0FB2FFCBF1A33CE7130 /* NonAccessibleExpandableDemoView.swift */,
				E8832C20166D52CD1C3FA16F /* NonAccessibleExpandableViewController.swift */,
				3FEBC9AF2AB9214AAF1A1B0D /* NonAccessibleFoodCell.swift */,
				421879DC443AAB32B7EF2CC5 /* NonAccessibleHorizontalCell.swift */,
				92835386EF7912B68522539E /* NonAccessibleRadioButtonDemoView.swift */,
				3471F021B6E97FA0E21B0009 /* NonAccessibleRadioButtonViewController.swift */,
				5A10958F3EE1D1563AB9AD88 /* NonAccessibleSwiftUIContainerDemoView.swift */,
				2DB1CDFDC333107C521706FA /* NonAccessibleTitleCell.swift */,
				089A837DA8084F73997C9195 /* NonAccessibleViewController.swift */,
				E2756E0BF89768F82F9B810B /* SeasonCollectionViewCell.swift */,
							CEC2050813D74B1786C56A10 /* NonAccessibleSwiftUITableViewContainerDemoView.swift */,
);
			path = NonAccessible;
			sourceTree = "<group>";
		};
		AC56ACFB74BD9159F20A0DF2 /* Resources */ = {
			isa = PBXGroup;
			children = (
				5FDB51E7BF3BD4526C7BEF74 /* InfoPlist.strings */,
				790FBACAE286B0A51B787C61 /* Localizable.strings */,
			);
			path = Resources;
			sourceTree = "<group>";
		};
		E5E1292E40B52AC040EB2517 = {
			isa = PBXGroup;
			children = (
				A28FEFB9BB394727B0AE916A /* VoiceOverDemo */,
				633BDF92D293424E103B2E4F /* Products */,
			);
			sourceTree = "<group>";
		};
		F655F1E023BFFF8EB736985A /* Accessible */ = {
			isa = PBXGroup;
			children = (
				91F217C2B92DEEA9E26144F9 /* AccessibleCategoryHeaderView.swift */,
				F86F9E375B155B8A1CCD4088 /* AccessibleCategoryTableViewCell.swift */,
				BDF05D3FEEE77B92503CFBD9 /* AccessibleCollectionViewContainerCell.swift */,
				61B7DC0131E870C12BF8C1E0 /* AccessibleContainerTestDemoView.swift */,
				B100DA82D3BFCA6B053B9ABE /* AccessibleContainerTestViewController.swift */,
				CC51C4221BB45DFF13797AFD /* AccessibleDemoView.swift */,
				A7B8600F1AEC5150AE6FB6A3 /* AccessibleExpandableDemoView.swift */,
				236208D8D7AFCB2664A15D7D /* AccessibleExpandableHeaderCell.swift */,
				E1B1B942A91892F110917186 /* AccessibleExpandableItemCell.swift */,
				544B8CA6DE4F05B9D9136EED /* AccessibleExpandableViewController.swift */,
				70D5D4E9DD848300485278C2 /* AccessibleRadioButtonDemoView.swift */,
				39ED434C00566D60543D7E03 /* AccessibleSeasonCollectionViewCell.swift */,
				B1D037EA748DB85E7D77240B /* AccessibleSwiftUIContainerDemoView.swift */,
				77FC046A6AD943927E99FDF1 /* CustomScrollDemoViewController.swift */,
				1B2D02B3D3C9954BC10B943D /* FoodCollectionViewCell.swift */,
				BB45FEF755BBD5CB3070C873 /* HorizontalScrollTableViewCell.swift */,
				EDD68E1D4CCDCB6F01640AFF /* RadioButtonDemoViewController.swift */,
				F8F74F05D23C4293178BADC2 /* TitleTableViewCell.swift */,
							86880F594B5447A391EC395E /* AccessibleSwiftUITableViewContainerDemoView.swift */,
);
			path = Accessible;
			sourceTree = "<group>";
		};
/* End PBXGroup section */

/* Begin PBXNativeTarget section */
		06745594AC0636354E01F25C /* VoiceOverDemo */ = {
			isa = PBXNativeTarget;
			buildConfigurationList = 529EDE3FA3644F5B0FFAC3B3 /* Build configuration list for PBXNativeTarget "VoiceOverDemo" */;
			buildPhases = (
				333DA9B452A1D2980D5C8FEA /* Sources */,
				C0E360F27AFE4F5BE4DCE9DA /* Resources */,
			);
			buildRules = (
			);
			dependencies = (
			);
			name = VoiceOverDemo;
			packageProductDependencies = (
			);
			productName = VoiceOverDemo;
			productReference = 7EAC75328BB49DFDEC917117 /* VoiceOverDemo.app */;
			productType = "com.apple.product-type.application";
		};
/* End PBXNativeTarget section */

/* Begin PBXProject section */
		59C242063125F360AF84B2FB /* Project object */ = {
			isa = PBXProject;
			attributes = {
				BuildIndependentTargetsInParallel = YES;
				LastUpgradeCheck = 1430;
			};
			buildConfigurationList = 20B6A9B8E0C10163483CF9A1 /* Build configuration list for PBXProject "VoiceOverDemo" */;
			compatibilityVersion = "Xcode 14.0";
			developmentRegion = ko;
			hasScannedForEncodings = 0;
			knownRegions = (
				Base,
				en,
				ko,
			);
			mainGroup = E5E1292E40B52AC040EB2517;
			minimizedProjectReferenceProxies = 1;
			projectDirPath = "";
			projectRoot = "";
			targets = (
				06745594AC0636354E01F25C /* VoiceOverDemo */,
			);
		};
/* End PBXProject section */

/* Begin PBXResourcesBuildPhase section */
		C0E360F27AFE4F5BE4DCE9DA /* Resources */ = {
			isa = PBXResourcesBuildPhase;
			buildActionMask = 2147483647;
			files = (
				F12592D0B0AB5EC40888C995 /* Assets.xcassets in Resources */,
				37652A0ECE257242BD4E4BE9 /* InfoPlist.strings in Resources */,
				61AD7A7A1D7371C8161D603F /* Localizable.strings in Resources */,
			);
			runOnlyForDeploymentPostprocessing = 0;
		};
/* End PBXResourcesBuildPhase section */

/* Begin PBXSourcesBuildPhase section */
		333DA9B452A1D2980D5C8FEA /* Sources */ = {
			isa = PBXSourcesBuildPhase;
			buildActionMask = 2147483647;
			files = (
				DC1CB7F5EF854A3E9E41C36C /* AccessibleCategoryHeaderView.swift in Sources */,
				AEC0EF13F6A26B5D02672574 /* AccessibleCategoryTableViewCell.swift in Sources */,
				F0DB0E20A3638DB824889990 /* AccessibleCollectionViewContainerCell.swift in Sources */,
				5F1D04D97C77B0C2E98CCB2A /* AccessibleContainerTestDemoView.swift in Sources */,
				A8A6CCBB425F4BF22FAD5D4C /* AccessibleContainerTestViewController.swift in Sources */,
				DC309CE43F93A31A41A66431 /* AccessibleDemoView.swift in Sources */,
				38370B0A07225E64D4D896F4 /* AccessibleExpandableDemoView.swift in Sources */,
				BA8943F550A6C1CC1EDEA842 /* AccessibleExpandableHeaderCell.swift in Sources */,
				414FB86D47FA1BD32E0EC078 /* AccessibleExpandableItemCell.swift in Sources */,
				7E78EE91F94029E20A92CD1B /* AccessibleExpandableViewController.swift in Sources */,
				BB35DFD9AA70D746C73E9852 /* AccessibleRadioButtonDemoView.swift in Sources */,
				544A5E46174298EC6B747E92 /* AccessibleSeasonCollectionViewCell.swift in Sources */,
				F21B72FBDFCC6E0D01B8D7F1 /* AccessibleSwiftUIContainerDemoView.swift in Sources */,
				AC84E95789ED02A7FE6EDA1E /* CategoryHeaderView.swift in Sources */,
				3D9B873F56D3AA59F1759CB6 /* CategoryTableViewCell.swift in Sources */,
				A3FAAD9F207314F0DBBF83C9 /* CollectionViewContainerCell.swift in Sources */,
				1FC38CAC7AEA14A327F06BBF /* ContainerTestDataModel.swift in Sources */,
				DB78668E4DE5047C1A70E524 /* ContainerTestTabView.swift in Sources */,
				D81DF842A986F69FE5E3A69A /* ContentView.swift in Sources */,
				26A37D1A824D6B9E861D286C /* CustomScrollDemoViewController.swift in Sources */,
				ACA93ADD4CBA8C2A008DFC98 /* DemoTabView.swift in Sources */,
				FA4379CBF5DEC1E5CD65B0D4 /* ExpandableDataModel.swift in Sources */,
				DD10319C8E9CD25B0557CD8F /* ExpandableHeaderCell.swift in Sources */,
				CE9B51514FF7E158B1094743 /* ExpandableItemCell.swift in Sources */,
				FCC00EA72AD431C4A47DDEB9 /* ExpandableTabView.swift in Sources */,
				F171D1E57CB2D08B35DEC049 /* FoodCollectionViewCell.swift in Sources */,
				FDAD547CEF829DF2A7BD6C61 /* FoodItem.swift in Sources */,
				012B44AD28FF416996E43296 /* HorizontalScrollTableViewCell.swift in Sources */,
				6129AB56E526024BE9E9DCC5 /* NonAccessibleContainerTestDemoView.swift in Sources */,
				2175A4D6CBCE4B5C7DEF2DAA /* NonAccessibleContainerTestViewController.swift in Sources */,
				7BE8068F83BC208806215B8B /* NonAccessibleDemoView.swift in Sources */,
				EDC41EA160BAA04526346585 /* NonAccessibleExpandableDemoView.swift in Sources */,
				66B322C2959FE73F6E3AABEE /* NonAccessibleExpandableViewController.swift in Sources */,
				2A716C3D9F1E63AD7EE7CE8D /* NonAccessibleFoodCell.swift in Sources */,
				82453852E2449CB0228D6B75 /* NonAccessibleHorizontalCell.swift in Sources */,
				8736F563C9EDA54FD3BCB590 /* NonAccessibleRadioButtonDemoView.swift in Sources */,
				08DA6E58D92F3E1A750C6DD6 /* NonAccessibleRadioButtonViewController.swift in Sources */,
				1F1166E9BC386A8AAA1C546C /* NonAccessibleSwiftUIContainerDemoView.swift in Sources */,
				0F8F97D2DD420BE0F1D6E8F1 /* NonAccessibleTitleCell.swift in Sources */,
				8488E6F334724456F91CA25C /* NonAccessibleViewController.swift in Sources */,
				77966C57DEBCD8958DA1AAA5 /* RadioButtonDemoViewController.swift in Sources */,
				33F812453E4A115C2D8C64C6 /* RadioButtonTabView.swift in Sources */,
				78728711C8147C9CA3CFF26C /* SeasonCollectionViewCell.swift in Sources */,
				94A6665CD7732717DC5560B9 /* SwiftUIContainerTestTabView.swift in Sources */,
				BBBF95BBB4C9E7DE12471835 /* TitleTableViewCell.swift in Sources */,
				43E8B3DCF857BE09EA7BC884 /* ToastView.swift in Sources */,
				66099B44A818983E0B5AD541 /* VoiceOverDemoApp.swift in Sources */,
				F90299DAB7394819FBA4718B /* WebView.swift in Sources */,
				ABC123DEF456789012345678 /* WebViewController.swift in Sources */,
				B3A0EA2EE2291D57E13073EE /* WebViewDemoView.swift in Sources */,
						148FBB79E59645479D3ADE83 /* NonAccessibleSwiftUITableViewContainerDemoView.swift in Sources */,
				EA54EE6D6BE84B08A5D5A1EB /* AccessibleSwiftUITableViewContainerDemoView.swift in Sources */,
				473CA2C80C6848D8AFE99D1E /* CustomTabBarViewController.swift in Sources */,
				E0A748CA41F243F1AC973B9F /* CustomTabBarView.swift in Sources */,
				9E82D63D0D27432C8AA3218A /* SwiftUITableViewContainerTestTabView.swift in Sources */,
	);
			runOnlyForDeploymentPostprocessing = 0;
		};
/* End PBXSourcesBuildPhase section */

/* Begin PBXVariantGroup section */
		5FDB51E7BF3BD4526C7BEF74 /* InfoPlist.strings */ = {
			isa = PBXVariantGroup;
			children = (
				BECC85AE0610F315F166E8B1 /* en */,
				D075BCB806858AFA7653E909 /* ko */,
			);
			name = InfoPlist.strings;
			sourceTree = "<group>";
		};
		790FBACAE286B0A51B787C61 /* Localizable.strings */ = {
			isa = PBXVariantGroup;
			children = (
				DAA5FF3E7FBC2FDB59DEEEB2 /* en */,
				D8D7665F3F0E507D678AF022 /* ko */,
			);
			name = Localizable.strings;
			sourceTree = "<group>";
		};
/* End PBXVariantGroup section */

/* Begin XCBuildConfiguration section */
		14F6E92B98A5D6DA5675C917 /* Release */ = {
			isa = XCBuildConfiguration;
			buildSettings = {
				ALWAYS_SEARCH_USER_PATHS = NO;
				CLANG_ANALYZER_NONNULL = YES;
				CLANG_ANALYZER_NUMBER_OBJECT_CONVERSION = YES_AGGRESSIVE;
				CLANG_CXX_LANGUAGE_STANDARD = "gnu++14";
				CLANG_CXX_LIBRARY = "libc++";
				CLANG_ENABLE_MODULES = YES;
				CLANG_ENABLE_OBJC_ARC = YES;
				CLANG_ENABLE_OBJC_WEAK = YES;
				CLANG_WARN_BLOCK_CAPTURE_AUTORELEASING = YES;
				CLANG_WARN_BOOL_CONVERSION = YES;
				CLANG_WARN_COMMA = YES;
				CLANG_WARN_CONSTANT_CONVERSION = YES;
				CLANG_WARN_DEPRECATED_OBJC_IMPLEMENTATIONS = YES;
				CLANG_WARN_DIRECT_OBJC_ISA_USAGE = YES_ERROR;
				CLANG_WARN_DOCUMENTATION_COMMENTS = YES;
				CLANG_WARN_EMPTY_BODY = YES;
				CLANG_WARN_ENUM_CONVERSION = YES;
				CLANG_WARN_INFINITE_RECURSION = YES;
				CLANG_WARN_INT_CONVERSION = YES;
				CLANG_WARN_NON_LITERAL_NULL_CONVERSION = YES;
				CLANG_WARN_OBJC_IMPLICIT_RETAIN_SELF = YES;
				CLANG_WARN_OBJC_LITERAL_CONVERSION = YES;
				CLANG_WARN_OBJC_ROOT_CLASS = YES_ERROR;
				CLANG_WARN_QUOTED_INCLUDE_IN_FRAMEWORK_HEADER = YES;
				CLANG_WARN_RANGE_LOOP_ANALYSIS = YES;
				CLANG_WARN_STRICT_PROTOTYPES = YES;
				CLANG_WARN_SUSPICIOUS_MOVE = YES;
				CLANG_WARN_UNGUARDED_AVAILABILITY = YES_AGGRESSIVE;
				CLANG_WARN_UNREACHABLE_CODE = YES;
				CLANG_WARN__DUPLICATE_METHOD_MATCH = YES;
				COPY_PHASE_STRIP = NO;
				DEBUG_INFORMATION_FORMAT = "dwarf-with-dsym";
				ENABLE_NS_ASSERTIONS = NO;
				ENABLE_STRICT_OBJC_MSGSEND = YES;
				GCC_C_LANGUAGE_STANDARD = gnu11;
				GCC_NO_COMMON_BLOCKS = YES;
				GCC_WARN_64_TO_32_BIT_CONVERSION = YES;
				GCC_WARN_ABOUT_RETURN_TYPE = YES_ERROR;
				GCC_WARN_UNDECLARED_SELECTOR = YES;
				GCC_WARN_UNINITIALIZED_AUTOS = YES_AGGRESSIVE;
				GCC_WARN_UNUSED_FUNCTION = YES;
				GCC_WARN_UNUSED_VARIABLE = YES;
				IPHONEOS_DEPLOYMENT_TARGET = 17.0;
				MTL_ENABLE_DEBUG_INFO = NO;
				MTL_FAST_MATH = YES;
				PRODUCT_NAME = "$(TARGET_NAME)";
				SDKROOT = iphoneos;
				SWIFT_COMPILATION_MODE = wholemodule;
				SWIFT_OPTIMIZATION_LEVEL = "-O";
				SWIFT_VERSION = 5.0;
			};
			name = Release;
		};
		17EC368D222ED1D1ABFB14F7 /* Release */ = {
			isa = XCBuildConfiguration;
			buildSettings = {
				ASSETCATALOG_COMPILER_APPICON_NAME = AppIcon;
				CODE_SIGN_IDENTITY = "iPhone Developer";
				DEVELOPMENT_TEAM = CT8CT953JS;
				INFOPLIST_FILE = VoiceOverDemo/Info.plist;
				LD_RUNPATH_SEARCH_PATHS = (
					"$(inherited)",
					"@executable_path/Frameworks",
				);
				PRODUCT_BUNDLE_IDENTIFIER = com.voiceoverdemo.VoiceOverDemo;
				SDKROOT = iphoneos;
				TARGETED_DEVICE_FAMILY = "1,2";
			};
			name = Release;
		};
		4F9751116C60751568473ED6 /* Debug */ = {
			isa = XCBuildConfiguration;
			buildSettings = {
				ALWAYS_SEARCH_USER_PATHS = NO;
				CLANG_ANALYZER_NONNULL = YES;
				CLANG_ANALYZER_NUMBER_OBJECT_CONVERSION = YES_AGGRESSIVE;
				CLANG_CXX_LANGUAGE_STANDARD = "gnu++14";
				CLANG_CXX_LIBRARY = "libc++";
				CLANG_ENABLE_MODULES = YES;
				CLANG_ENABLE_OBJC_ARC = YES;
				CLANG_ENABLE_OBJC_WEAK = YES;
				CLANG_WARN_BLOCK_CAPTURE_AUTORELEASING = YES;
				CLANG_WARN_BOOL_CONVERSION = YES;
				CLANG_WARN_COMMA = YES;
				CLANG_WARN_CONSTANT_CONVERSION = YES;
				CLANG_WARN_DEPRECATED_OBJC_IMPLEMENTATIONS = YES;
				CLANG_WARN_DIRECT_OBJC_ISA_USAGE = YES_ERROR;
				CLANG_WARN_DOCUMENTATION_COMMENTS = YES;
				CLANG_WARN_EMPTY_BODY = YES;
				CLANG_WARN_ENUM_CONVERSION = YES;
				CLANG_WARN_INFINITE_RECURSION = YES;
				CLANG_WARN_INT_CONVERSION = YES;
				CLANG_WARN_NON_LITERAL_NULL_CONVERSION = YES;
				CLANG_WARN_OBJC_IMPLICIT_RETAIN_SELF = YES;
				CLANG_WARN_OBJC_LITERAL_CONVERSION = YES;
				CLANG_WARN_OBJC_ROOT_CLASS = YES_ERROR;
				CLANG_WARN_QUOTED_INCLUDE_IN_FRAMEWORK_HEADER = YES;
				CLANG_WARN_RANGE_LOOP_ANALYSIS = YES;
				CLANG_WARN_STRICT_PROTOTYPES = YES;
				CLANG_WARN_SUSPICIOUS_MOVE = YES;
				CLANG_WARN_UNGUARDED_AVAILABILITY = YES_AGGRESSIVE;
				CLANG_WARN_UNREACHABLE_CODE = YES;
				CLANG_WARN__DUPLICATE_METHOD_MATCH = YES;
				COPY_PHASE_STRIP = NO;
				DEBUG_INFORMATION_FORMAT = dwarf;
				ENABLE_STRICT_OBJC_MSGSEND = YES;
				ENABLE_TESTABILITY = YES;
				GCC_C_LANGUAGE_STANDARD = gnu11;
				GCC_DYNAMIC_NO_PIC = NO;
				GCC_NO_COMMON_BLOCKS = YES;
				GCC_OPTIMIZATION_LEVEL = 0;
				GCC_PREPROCESSOR_DEFINITIONS = (
					"$(inherited)",
					"DEBUG=1",
				);
				GCC_WARN_64_TO_32_BIT_CONVERSION = YES;
				GCC_WARN_ABOUT_RETURN_TYPE = YES_ERROR;
				GCC_WARN_UNDECLARED_SELECTOR = YES;
				GCC_WARN_UNINITIALIZED_AUTOS = YES_AGGRESSIVE;
				GCC_WARN_UNUSED_FUNCTION = YES;
				GCC_WARN_UNUSED_VARIABLE = YES;
				IPHONEOS_DEPLOYMENT_TARGET = 17.0;
				MTL_ENABLE_DEBUG_INFO = INCLUDE_SOURCE;
				MTL_FAST_MATH = YES;
				ONLY_ACTIVE_ARCH = YES;
				PRODUCT_NAME = "$(TARGET_NAME)";
				SDKROOT = iphoneos;
				SWIFT_ACTIVE_COMPILATION_CONDITIONS = DEBUG;
				SWIFT_OPTIMIZATION_LEVEL = "-Onone";
				SWIFT_VERSION = 5.0;
			};
			name = Debug;
		};
		8E1D879C9EFDE440CB1717D9 /* Debug */ = {
			isa = XCBuildConfiguration;
			buildSettings = {
				ASSETCATALOG_COMPILER_APPICON_NAME = AppIcon;
				CODE_SIGN_IDENTITY = "iPhone Developer";
				DEVELOPMENT_TEAM = CT8CT953JS;
				INFOPLIST_FILE = VoiceOverDemo/Info.plist;
				LD_RUNPATH_SEARCH_PATHS = (
					"$(inherited)",
					"@executable_path/Frameworks",
				);
				PRODUCT_BUNDLE_IDENTIFIER = com.voiceoverdemo.VoiceOverDemo;
				SDKROOT = iphoneos;
				TARGETED_DEVICE_FAMILY = "1,2";
			};
			name = Debug;
		};
/* End XCBuildConfiguration section */

/* Begin XCConfigurationList section */
		20B6A9B8E0C10163483CF9A1 /* Build configuration list for PBXProject "VoiceOverDemo" */ = {
			isa = XCConfigurationList;
			buildConfigurations = (
				4F9751116C60751568473ED6 /* Debug */,
				14F6E92B98A5D6DA5675C917 /* Release */,
			);
			defaultConfigurationIsVisible = 0;
			defaultConfigurationName = Debug;
		};
		529EDE3FA3644F5B0FFAC3B3 /* Build configuration list for PBXNativeTarget "VoiceOverDemo" */ = {
			isa = XCConfigurationList;
			buildConfigurations = (
				8E1D879C9EFDE440CB1717D9 /* Debug */,
				17EC368D222ED1D1ABFB14F7 /* Release */,
			);
			defaultConfigurationIsVisible = 0;
			defaultConfigurationName = Debug;
		};
/* End XCConfigurationList section */
	};
	rootObject = 59C242063125F360AF84B2FB /* Project object */;
}
